// !$*UTF8*$!
{
	archiveVersion = 1;
	classes = {
	};
	objectVersion = 50;
	objects = {

/* Begin PBXBuildFile section */
		07C83143252B3A3C002F5346 /* Day_55App.swift in Sources */ = {isa = PBXBuildFile; fileRef = 07C83142252B3A3C002F5346 /* Day_55App.swift */; };
		07C83145252B3A3C002F5346 /* ContentView.swift in Sources */ = {isa = PBXBuildFile; fileRef = 07C83144252B3A3C002F5346 /* ContentView.swift */; };
		07C83147252B3A40002F5346 /* Assets.xcassets in Resources */ = {isa = PBXBuildFile; fileRef = 07C83146252B3A40002F5346 /* Assets.xcassets */; };
		07C8314A252B3A40002F5346 /* Preview Assets.xcassets in Resources */ = {isa = PBXBuildFile; fileRef = 07C83149252B3A40002F5346 /* Preview Assets.xcassets */; };
		07C8314C252B3A40002F5346 /* Persistence.swift in Sources */ = {isa = PBXBuildFile; fileRef = 07C8314B252B3A40002F5346 /* Persistence.swift */; };
		07C8314F252B3A40002F5346 /* Day_55.xcdatamodeld in Sources */ = {isa = PBXBuildFile; fileRef = 07C8314D252B3A40002F5346 /* Day_55.xcdatamodeld */; };
		07C8315A252B3A8F002F5346 /* AddBookView.swift in Sources */ = {isa = PBXBuildFile; fileRef = 07C83157252B3A8F002F5346 /* AddBookView.swift */; };
		07C8315B252B3A8F002F5346 /* EmojiRatingView.swift in Sources */ = {isa = PBXBuildFile; fileRef = 07C83158252B3A8F002F5346 /* EmojiRatingView.swift */; };
		07C8315C252B3A8F002F5346 /* RatingView.swift in Sources */ = {isa = PBXBuildFile; fileRef = 07C83159252B3A8F002F5346 /* RatingView.swift */; };
		07C83160252B3E31002F5346 /* DetailView.swift in Sources */ = {isa = PBXBuildFile; fileRef = 07C8315F252B3E30002F5346 /* DetailView.swift */; };
/* End PBXBuildFile section */

/* Begin PBXFileReference section */
		07C8313F252B3A3C002F5346 /* Day-55.app */ = {isa = PBXFileReference; explicitFileType = wrapper.application; includeInIndex = 0; path = "Day-55.app"; sourceTree = BUILT_PRODUCTS_DIR; };
		07C83142252B3A3C002F5346 /* Day_55App.swift */ = {isa = PBXFileReference; lastKnownFileType = sourcecode.swift; path = Day_55App.swift; sourceTree = "<group>"; };
		07C83144252B3A3C002F5346 /* ContentView.swift */ = {isa = PBXFileReference; lastKnownFileType = sourcecode.swift; path = ContentView.swift; sourceTree = "<group>"; };
		07C83146252B3A40002F5346 /* Assets.xcassets */ = {isa = PBXFileReference; lastKnownFileType = folder.assetcatalog; path = Assets.xcassets; sourceTree = "<group>"; };
		07C83149252B3A40002F5346 /* Preview Assets.xcassets */ = {isa = PBXFileReference; lastKnownFileType = folder.assetcatalog; path = "Preview Assets.xcassets"; sourceTree = "<group>"; };
		07C8314B252B3A40002F5346 /* Persistence.swift */ = {isa = PBXFileReference; lastKnownFileType = sourcecode.swift; path = Persistence.swift; sourceTree = "<group>"; };
		07C8314E252B3A40002F5346 /* Day_55.xcdatamodel */ = {isa = PBXFileReference; lastKnownFileType = wrapper.xcdatamodel; path = Day_55.xcdatamodel; sourceTree = "<group>"; };
		07C83150252B3A40002F5346 /* Info.plist */ = {isa = PBXFileReference; lastKnownFileType = text.plist.xml; path = Info.plist; sourceTree = "<group>"; };
		07C83157252B3A8F002F5346 /* AddBookView.swift */ = {isa = PBXFileReference; fileEncoding = 4; lastKnownFileType = sourcecode.swift; path = AddBookView.swift; sourceTree = "<group>"; };
		07C83158252B3A8F002F5346 /* EmojiRatingView.swift */ = {isa = PBXFileReference; fileEncoding = 4; lastKnownFileType = sourcecode.swift; path = EmojiRatingView.swift; sourceTree = "<group>"; };
		07C83159252B3A8F002F5346 /* RatingView.swift */ = {isa = PBXFileReference; fileEncoding = 4; lastKnownFileType = sourcecode.swift; path = RatingView.swift; sourceTree = "<group>"; };
		07C8315F252B3E30002F5346 /* DetailView.swift */ = {isa = PBXFileReference; lastKnownFileType = sourcecode.swift; path = DetailView.swift; sourceTree = "<group>"; };
/* End PBXFileReference section */

/* Begin PBXFrameworksBuildPhase section */
		07C8313C252B3A3C002F5346 /* Frameworks */ = {
			isa = PBXFrameworksBuildPhase;
			buildActionMask = 2147483647;
			files = (
			);
			runOnlyForDeploymentPostprocessing = 0;
		};
/* End PBXFrameworksBuildPhase section */

/* Begin PBXGroup section */
		07C83136252B3A3C002F5346 = {
			isa = PBXGroup;
			children = (
				07C83141252B3A3C002F5346 /* Day-55 */,
				07C83140252B3A3C002F5346 /* Products */,
			);
			sourceTree = "<group>";
		};
		07C83140252B3A3C002F5346 /* Products */ = {
			isa = PBXGroup;
			children = (
				07C8313F252B3A3C002F5346 /* Day-55.app */,
			);
			name = Products;
			sourceTree = "<group>";
		};
		07C83141252B3A3C002F5346 /* Day-55 */ = {
			isa = PBXGroup;
			children = (
				07C83142252B3A3C002F5346 /* Day_55App.swift */,
				07C83144252B3A3C002F5346 /* ContentView.swift */,
				07C83146252B3A40002F5346 /* Assets.xcassets */,
				07C8314B252B3A40002F5346 /* Persistence.swift */,
				07C83157252B3A8F002F5346 /* AddBookView.swift */,
				07C83158252B3A8F002F5346 /* EmojiRatingView.swift */,
				07C83159252B3A8F002F5346 /* RatingView.swift */,
				07C8315F252B3E30002F5346 /* DetailView.swift */,
				07C83150252B3A40002F5346 /* Info.plist */,
				07C8314D252B3A40002F5346 /* Day_55.xcdatamodeld */,
				07C83148252B3A40002F5346 /* Preview Content */,
			);
			path = "Day-55";
			sourceTree = "<group>";
		};
		07C83148252B3A40002F5346 /* Preview Content */ = {
			isa = PBXGroup;
			children = (
				07C83149252B3A40002F5346 /* Preview Assets.xcassets */,
			);
			path = "Preview Content";
			sourceTree = "<group>";
		};
/* End PBXGroup section */

/* Begin PBXNativeTarget section */
		07C8313E252B3A3C002F5346 /* Day-55 */ = {
			isa = PBXNativeTarget;
			buildConfigurationList = 07C83153252B3A40002F5346 /* Build configuration list for PBXNativeTarget "Day-55" */;
			buildPhases = (
				07C8313B252B3A3C002F5346 /* Sources */,
				07C8313C252B3A3C002F5346 /* Frameworks */,
				07C8313D252B3A3C002F5346 /* Resources */,
			);
			buildRules = (
			);
			dependencies = (
			);
			name = "Day-55";
			productName = "Day-55";
			productReference = 07C8313F252B3A3C002F5346 /* Day-55.app */;
			productType = "com.apple.product-type.application";
		};
/* End PBXNativeTarget section */

/* Begin PBXProject section */
		07C83137252B3A3C002F5346 /* Project object */ = {
			isa = PBXProject;
			attributes = {
				LastSwiftUpdateCheck = 1200;
				LastUpgradeCheck = 1200;
				TargetAttributes = {
					07C8313E252B3A3C002F5346 = {
						CreatedOnToolsVersion = 12.0.1;
					};
				};
			};
			buildConfigurationList = 07C8313A252B3A3C002F5346 /* Build configuration list for PBXProject "Day-55" */;
			compatibilityVersion = "Xcode 9.3";
			developmentRegion = en;
			hasScannedForEncodings = 0;
			knownRegions = (
				en,
				Base,
			);
			mainGroup = 07C83136252B3A3C002F5346;
			productRefGroup = 07C83140252B3A3C002F5346 /* Products */;
			projectDirPath = "";
			projectRoot = "";
			targets = (
				07C8313E252B3A3C002F5346 /* Day-55 */,
			);
		};
/* End PBXProject section */

/* Begin PBXResourcesBuildPhase section */
		07C8313D252B3A3C002F5346 /* Resources */ = {
			isa = PBXResourcesBuildPhase;
			buildActionMask = 2147483647;
			files = (
				07C8314A252B3A40002F5346 /* Preview Assets.xcassets in Resources */,
				07C83147252B3A40002F5346 /* Assets.xcassets in Resources */,
			);
			runOnlyForDeploymentPostprocessing = 0;
		};
/* End PBXResourcesBuildPhase section */

/* Begin PBXSourcesBuildPhase section */
		07C8313B252B3A3C002F5346 /* Sources */ = {
			isa = PBXSourcesBuildPhase;
			buildActionMask = 2147483647;
			files = (
				07C8314C252B3A40002F5346 /* Persistence.swift in Sources */,
				07C83160252B3E31002F5346 /* DetailView.swift in Sources */,
				07C83145252B3A3C002F5346 /* ContentView.swift in Sources */,
				07C8314F252B3A40002F5346 /* Day_55.xcdatamodeld in Sources */,
				07C83143252B3A3C002F5346 /* Day_55App.swift in Sources */,
				07C8315B252B3A8F002F5346 /* EmojiRatingView.swift in Sources */,
				07C8315A252B3A8F002F5346 /* AddBookView.swift in Sources */,
				07C8315C252B3A8F002F5346 /* RatingView.swift in Sources */,
			);
			runOnlyForDeploymentPostprocessing = 0;
		};
/* End PBXSourcesBuildPhase section */

/* Begin XCBuildConfiguration section */
		07C83151252B3A40002F5346 /* Debug */ = {
			isa = XCBuildConfiguration;
			buildSettings = {
				ALWAYS_SEARCH_USER_PATHS = NO;
				CLANG_ANALYZER_NONNULL = YES;
				CLANG_ANALYZER_NUMBER_OBJECT_CONVERSION = YES_AGGRESSIVE;
				CLANG_CXX_LANGUAGE_STANDARD = "gnu++14";
				CLANG_CXX_LIBRARY = "libc++";
				CLANG_ENABLE_MODULES = YES;
				CLANG_ENABLE_OBJC_ARC = YES;
				CLANG_ENABLE_OBJC_WEAK = YES;
				CLANG_WARN_BLOCK_CAPTURE_AUTORELEASING = YES;
				CLANG_WARN_BOOL_CONVERSION = YES;
				CLANG_WARN_COMMA = YES;
				CLANG_WARN_CONSTANT_CONVERSION = YES;
				CLANG_WARN_DEPRECATED_OBJC_IMPLEMENTATIONS = YES;
				CLANG_WARN_DIRECT_OBJC_ISA_USAGE = YES_ERROR;
				CLANG_WARN_DOCUMENTATION_COMMENTS = YES;
				CLANG_WARN_EMPTY_BODY = YES;
				CLANG_WARN_ENUM_CONVERSION = YES;
				CLANG_WARN_INFINITE_RECURSION = YES;
				CLANG_WARN_INT_CONVERSION = YES;
				CLANG_WARN_NON_LITERAL_NULL_CONVERSION = YES;
				CLANG_WARN_OBJC_IMPLICIT_RETAIN_SELF = YES;
				CLANG_WARN_OBJC_LITERAL_CONVERSION = YES;
				CLANG_WARN_OBJC_ROOT_CLASS = YES_ERROR;
				CLANG_WARN_QUOTED_INCLUDE_IN_FRAMEWORK_HEADER = YES;
				CLANG_WARN_RANGE_LOOP_ANALYSIS = YES;
				CLANG_WARN_STRICT_PROTOTYPES = YES;
				CLANG_WARN_SUSPICIOUS_MOVE = YES;
				CLANG_WARN_UNGUARDED_AVAILABILITY = YES_AGGRESSIVE;
				CLANG_WARN_UNREACHABLE_CODE = YES;
				CLANG_WARN__DUPLICATE_METHOD_MATCH = YES;
				COPY_PHASE_STRIP = NO;
				DEBUG_INFORMATION_FORMAT = dwarf;
				ENABLE_STRICT_OBJC_MSGSEND = YES;
				ENABLE_TESTABILITY = YES;
				GCC_C_LANGUAGE_STANDARD = gnu11;
				GCC_DYNAMIC_NO_PIC = NO;
				GCC_NO_COMMON_BLOCKS = YES;
				GCC_OPTIMIZATION_LEVEL = 0;
				GCC_PREPROCESSOR_DEFINITIONS = (
					"DEBUG=1",
					"$(inherited)",
				);
				GCC_WARN_64_TO_32_BIT_CONVERSION = YES;
				GCC_WARN_ABOUT_RETURN_TYPE = YES_ERROR;
				GCC_WARN_UNDECLARED_SELECTOR = YES;
				GCC_WARN_UNINITIALIZED_AUTOS = YES_AGGRESSIVE;
				GCC_WARN_UNUSED_FUNCTION = YES;
				GCC_WARN_UNUSED_VARIABLE = YES;
				IPHONEOS_DEPLOYMENT_TARGET = 14.0;
				MTL_ENABLE_DEBUG_INFO = INCLUDE_SOURCE;
				MTL_FAST_MATH = YES;
				ONLY_ACTIVE_ARCH = YES;
				SDKROOT = iphoneos;
				SWIFT_ACTIVE_COMPILATION_CONDITIONS = DEBUG;
				SWIFT_OPTIMIZATION_LEVEL = "-Onone";
			};
			name = Debug;
		};
		07C83152252B3A40002F5346 /* Release */ = {
			isa = XCBuildConfiguration;
			buildSettings = {
				ALWAYS_SEARCH_USER_PATHS = NO;
				CLANG_ANALYZER_NONNULL = YES;
				CLANG_ANALYZER_NUMBER_OBJECT_CONVERSION = YES_AGGRESSIVE;
				CLANG_CXX_LANGUAGE_STANDARD = "gnu++14";
				CLANG_CXX_LIBRARY = "libc++";
				CLANG_ENABLE_MODULES = YES;
				CLANG_ENABLE_OBJC_ARC = YES;
				CLANG_ENABLE_OBJC_WEAK = YES;
				CLANG_WARN_BLOCK_CAPTURE_AUTORELEASING = YES;
				CLANG_WARN_BOOL_CONVERSION = YES;
				CLANG_WARN_COMMA = YES;
				CLANG_WARN_CONSTANT_CONVERSION = YES;
				CLANG_WARN_DEPRECATED_OBJC_IMPLEMENTATIONS = YES;
				CLANG_WARN_DIRECT_OBJC_ISA_USAGE = YES_ERROR;
				CLANG_WARN_DOCUMENTATION_COMMENTS = YES;
				CLANG_WARN_EMPTY_BODY = YES;
				CLANG_WARN_ENUM_CONVERSION = YES;
				CLANG_WARN_INFINITE_RECURSION = YES;
				CLANG_WARN_INT_CONVERSION = YES;
				CLANG_WARN_NON_LITERAL_NULL_CONVERSION = YES;
				CLANG_WARN_OBJC_IMPLICIT_RETAIN_SELF = YES;
				CLANG_WARN_OBJC_LITERAL_CONVERSION = YES;
				CLANG_WARN_OBJC_ROOT_CLASS = YES_ERROR;
				CLANG_WARN_QUOTED_INCLUDE_IN_FRAMEWORK_HEADER = YES;
				CLANG_WARN_RANGE_LOOP_ANALYSIS = YES;
				CLANG_WARN_STRICT_PROTOTYPES = YES;
				CLANG_WARN_SUSPICIOUS_MOVE = YES;
				CLANG_WARN_UNGUARDED_AVAILABILITY = YES_AGGRESSIVE;
				CLANG_WARN_UNREACHABLE_CODE = YES;
				CLANG_WARN__DUPLICATE_METHOD_MATCH = YES;
				COPY_PHASE_STRIP = NO;
				DEBUG_INFORMATION_FORMAT = "dwarf-with-dsym";
				ENABLE_NS_ASSERTIONS = NO;
				ENABLE_STRICT_OBJC_MSGSEND = YES;
				GCC_C_LANGUAGE_STANDARD = gnu11;
				GCC_NO_COMMON_BLOCKS = YES;
				GCC_WARN_64_TO_32_BIT_CONVERSION = YES;
				GCC_WARN_ABOUT_RETURN_TYPE = YES_ERROR;
				GCC_WARN_UNDECLARED_SELECTOR = YES;
				GCC_WARN_UNINITIALIZED_AUTOS = YES_AGGRESSIVE;
				GCC_WARN_UNUSED_FUNCTION = YES;
				GCC_WARN_UNUSED_VARIABLE = YES;
				IPHONEOS_DEPLOYMENT_TARGET = 14.0;
				MTL_ENABLE_DEBUG_INFO = NO;
				MTL_FAST_MATH = YES;
				SDKROOT = iphoneos;
				SWIFT_COMPILATION_MODE = wholemodule;
				SWIFT_OPTIMIZATION_LEVEL = "-O";
				VALIDATE_PRODUCT = YES;
			};
			name = Release;
		};
		07C83154252B3A40002F5346 /* Debug */ = {
			isa = XCBuildConfiguration;
			buildSettings = {
				ASSETCATALOG_COMPILER_APPICON_NAME = AppIcon;
				ASSETCATALOG_COMPILER_GLOBAL_ACCENT_COLOR_NAME = AccentColor;
				CODE_SIGN_STYLE = Automatic;
				DEVELOPMENT_ASSET_PATHS = "\"Day-55/Preview Content\"";
				DEVELOPMENT_TEAM = 35P9S7STBV;
				ENABLE_PREVIEWS = YES;
				INFOPLIST_FILE = "Day-55/Info.plist";
				IPHONEOS_DEPLOYMENT_TARGET = 14.0;
				LD_RUNPATH_SEARCH_PATHS = (
					"$(inherited)",
					"@executable_path/Frameworks",
				);
				PRODUCT_BUNDLE_IDENTIFIER = "com.drawRect.Day-55";
				PRODUCT_NAME = "$(TARGET_NAME)";
				SWIFT_VERSION = 5.0;
				TARGETED_DEVICE_FAMILY = "1,2";
			};
			name = Debug;
		};
		07C83155252B3A40002F5346 /* Release */ = {
			isa = XCBuildConfiguration;
			buildSettings = {
				ASSETCATALOG_COMPILER_APPICON_NAME = AppIcon;
				ASSETCATALOG_COMPILER_GLOBAL_ACCENT_COLOR_NAME = AccentColor;
				CODE_SIGN_STYLE = Automatic;
				DEVELOPMENT_ASSET_PATHS = "\"Day-55/Preview Content\"";
				DEVELOPMENT_TEAM = 35P9S7STBV;
				ENABLE_PREVIEWS = YES;
				INFOPLIST_FILE = "Day-55/Info.plist";
				IPHONEOS_DEPLOYMENT_TARGET = 14.0;
				LD_RUNPATH_SEARCH_PATHS = (
					"$(inherited)",
					"@executable_path/Frameworks",
				);
				PRODUCT_BUNDLE_IDENTIFIER = "com.drawRect.Day-55";
				PRODUCT_NAME = "$(TARGET_NAME)";
				SWIFT_VERSION = 5.0;
				TARGETED_DEVICE_FAMILY = "1,2";
			};
			name = Release;
		};
/* End XCBuildConfiguration section */

/* Begin XCConfigurationList section */
		07C8313A252B3A3C002F5346 /* Build configuration list for PBXProject "Day-55" */ = {
			isa = XCConfigurationList;
			buildConfigurations = (
				07C83151252B3A40002F5346 /* Debug */,
				07C83152252B3A40002F5346 /* Release */,
			);
			defaultConfigurationIsVisible = 0;
			defaultConfigurationName = Release;
		};
		07C83153252B3A40002F5346 /* Build configuration list for PBXNativeTarget "Day-55" */ = {
			isa = XCConfigurationList;
			buildConfigurations = (
				07C83154252B3A40002F5346 /* Debug */,
				07C83155252B3A40002F5346 /* Release */,
			);
			defaultConfigurationIsVisible = 0;
			defaultConfigurationName = Release;
		};
/* End XCConfigurationList section */

/* Begin XCVersionGroup section */
		07C8314D252B3A40002F5346 /* Day_55.xcdatamodeld */ = {
			isa = XCVersionGroup;
			children = (
				07C8314E252B3A40002F5346 /* Day_55.xcdatamodel */,
			);
			currentVersion = 07C8314E252B3A40002F5346 /* Day_55.xcdatamodel */;
			path = Day_55.xcdatamodeld;
			sourceTree = "<group>";
			versionGroupType = wrapper.xcdatamodel;
		};
/* End XCVersionGroup section */
	};
	rootObject = 07C83137252B3A3C002F5346 /* Project object */;
}
