// !$*UTF8*$!
{
	archiveVersion = 1;
	classes = {
	};
	objectVersion = 50;
	objects = {

/* Begin PBXBuildFile section */
		074B9B5A2526285F001F60CA /* BookwormApp.swift in Sources */ = {isa = PBXBuildFile; fileRef = 074B9B592526285F001F60CA /* BookwormApp.swift */; };
		074B9B5C2526285F001F60CA /* ContentView.swift in Sources */ = {isa = PBXBuildFile; fileRef = 074B9B5B2526285F001F60CA /* ContentView.swift */; };
		074B9B5E25262863001F60CA /* Assets.xcassets in Resources */ = {isa = PBXBuildFile; fileRef = 074B9B5D25262863001F60CA /* Assets.xcassets */; };
		074B9B6125262863001F60CA /* Preview Assets.xcassets in Resources */ = {isa = PBXBuildFile; fileRef = 074B9B6025262863001F60CA /* Preview Assets.xcassets */; };
		074B9B6325262863001F60CA /* Persistence.swift in Sources */ = {isa = PBXBuildFile; fileRef = 074B9B6225262863001F60CA /* Persistence.swift */; };
		074B9B6625262863001F60CA /* Bookworm.xcdatamodeld in Sources */ = {isa = PBXBuildFile; fileRef = 074B9B6425262863001F60CA /* Bookworm.xcdatamodeld */; };
		074B9B70252629FE001F60CA /* TestBinding.swift in Sources */ = {isa = PBXBuildFile; fileRef = 074B9B6F252629FE001F60CA /* TestBinding.swift */; };
		074B9B7325262ED8001F60CA /* Topic2.swift in Sources */ = {isa = PBXBuildFile; fileRef = 074B9B7225262ED8001F60CA /* Topic2.swift */; };
/* End PBXBuildFile section */

/* Begin PBXFileReference section */
		074B9B562526285F001F60CA /* Bookworm.app */ = {isa = PBXFileReference; explicitFileType = wrapper.application; includeInIndex = 0; path = Bookworm.app; sourceTree = BUILT_PRODUCTS_DIR; };
		074B9B592526285F001F60CA /* BookwormApp.swift */ = {isa = PBXFileReference; lastKnownFileType = sourcecode.swift; path = BookwormApp.swift; sourceTree = "<group>"; };
		074B9B5B2526285F001F60CA /* ContentView.swift */ = {isa = PBXFileReference; lastKnownFileType = sourcecode.swift; path = ContentView.swift; sourceTree = "<group>"; };
		074B9B5D25262863001F60CA /* Assets.xcassets */ = {isa = PBXFileReference; lastKnownFileType = folder.assetcatalog; path = Assets.xcassets; sourceTree = "<group>"; };
		074B9B6025262863001F60CA /* Preview Assets.xcassets */ = {isa = PBXFileReference; lastKnownFileType = folder.assetcatalog; path = "Preview Assets.xcassets"; sourceTree = "<group>"; };
		074B9B6225262863001F60CA /* Persistence.swift */ = {isa = PBXFileReference; lastKnownFileType = sourcecode.swift; path = Persistence.swift; sourceTree = "<group>"; };
		074B9B6525262863001F60CA /* Bookworm.xcdatamodel */ = {isa = PBXFileReference; lastKnownFileType = wrapper.xcdatamodel; path = Bookworm.xcdatamodel; sourceTree = "<group>"; };
		074B9B6725262863001F60CA /* Info.plist */ = {isa = PBXFileReference; lastKnownFileType = text.plist.xml; path = Info.plist; sourceTree = "<group>"; };
		074B9B6F252629FE001F60CA /* TestBinding.swift */ = {isa = PBXFileReference; lastKnownFileType = sourcecode.swift; path = TestBinding.swift; sourceTree = "<group>"; };
		074B9B7225262ED8001F60CA /* Topic2.swift */ = {isa = PBXFileReference; lastKnownFileType = sourcecode.swift; path = Topic2.swift; sourceTree = "<group>"; };
/* End PBXFileReference section */

/* Begin PBXFrameworksBuildPhase section */
		074B9B532526285F001F60CA /* Frameworks */ = {
			isa = PBXFrameworksBuildPhase;
			buildActionMask = 2147483647;
			files = (
			);
			runOnlyForDeploymentPostprocessing = 0;
		};
/* End PBXFrameworksBuildPhase section */

/* Begin PBXGroup section */
		074B9B4D2526285F001F60CA = {
			isa = PBXGroup;
			children = (
				074B9B582526285F001F60CA /* Bookworm */,
				074B9B572526285F001F60CA /* Products */,
			);
			sourceTree = "<group>";
		};
		074B9B572526285F001F60CA /* Products */ = {
			isa = PBXGroup;
			children = (
				074B9B562526285F001F60CA /* Bookworm.app */,
			);
			name = Products;
			sourceTree = "<group>";
		};
		074B9B582526285F001F60CA /* Bookworm */ = {
			isa = PBXGroup;
			children = (
				074B9B592526285F001F60CA /* BookwormApp.swift */,
				074B9B6F252629FE001F60CA /* TestBinding.swift */,
				074B9B7225262ED8001F60CA /* Topic2.swift */,
				074B9B5B2526285F001F60CA /* ContentView.swift */,
				074B9B5D25262863001F60CA /* Assets.xcassets */,
				074B9B6225262863001F60CA /* Persistence.swift */,
				074B9B6725262863001F60CA /* Info.plist */,
				074B9B6425262863001F60CA /* Bookworm.xcdatamodeld */,
				074B9B5F25262863001F60CA /* Preview Content */,
			);
			path = Bookworm;
			sourceTree = "<group>";
		};
		074B9B5F25262863001F60CA /* Preview Content */ = {
			isa = PBXGroup;
			children = (
				074B9B6025262863001F60CA /* Preview Assets.xcassets */,
			);
			path = "Preview Content";
			sourceTree = "<group>";
		};
/* End PBXGroup section */

/* Begin PBXNativeTarget section */
		074B9B552526285F001F60CA /* Bookworm */ = {
			isa = PBXNativeTarget;
			buildConfigurationList = 074B9B6A25262863001F60CA /* Build configuration list for PBXNativeTarget "Bookworm" */;
			buildPhases = (
				074B9B522526285F001F60CA /* Sources */,
				074B9B532526285F001F60CA /* Frameworks */,
				074B9B542526285F001F60CA /* Resources */,
			);
			buildRules = (
			);
			dependencies = (
			);
			name = Bookworm;
			productName = Bookworm;
			productReference = 074B9B562526285F001F60CA /* Bookworm.app */;
			productType = "com.apple.product-type.application";
		};
/* End PBXNativeTarget section */

/* Begin PBXProject section */
		074B9B4E2526285F001F60CA /* Project object */ = {
			isa = PBXProject;
			attributes = {
				LastSwiftUpdateCheck = 1200;
				LastUpgradeCheck = 1200;
				TargetAttributes = {
					074B9B552526285F001F60CA = {
						CreatedOnToolsVersion = 12.0.1;
					};
				};
			};
			buildConfigurationList = 074B9B512526285F001F60CA /* Build configuration list for PBXProject "Bookworm" */;
			compatibilityVersion = "Xcode 9.3";
			developmentRegion = en;
			hasScannedForEncodings = 0;
			knownRegions = (
				en,
				Base,
			);
			mainGroup = 074B9B4D2526285F001F60CA;
			productRefGroup = 074B9B572526285F001F60CA /* Products */;
			projectDirPath = "";
			projectRoot = "";
			targets = (
				074B9B552526285F001F60CA /* Bookworm */,
			);
		};
/* End PBXProject section */

/* Begin PBXResourcesBuildPhase section */
		074B9B542526285F001F60CA /* Resources */ = {
			isa = PBXResourcesBuildPhase;
			buildActionMask = 2147483647;
			files = (
				074B9B6125262863001F60CA /* Preview Assets.xcassets in Resources */,
				074B9B5E25262863001F60CA /* Assets.xcassets in Resources */,
			);
			runOnlyForDeploymentPostprocessing = 0;
		};
/* End PBXResourcesBuildPhase section */

/* Begin PBXSourcesBuildPhase section */
		074B9B522526285F001F60CA /* Sources */ = {
			isa = PBXSourcesBuildPhase;
			buildActionMask = 2147483647;
			files = (
				074B9B7325262ED8001F60CA /* Topic2.swift in Sources */,
				074B9B6325262863001F60CA /* Persistence.swift in Sources */,
				074B9B6625262863001F60CA /* Bookworm.xcdatamodeld in Sources */,
				074B9B5C2526285F001F60CA /* ContentView.swift in Sources */,
				074B9B5A2526285F001F60CA /* BookwormApp.swift in Sources */,
				074B9B70252629FE001F60CA /* TestBinding.swift in Sources */,
			);
			runOnlyForDeploymentPostprocessing = 0;
		};
/* End PBXSourcesBuildPhase section */

/* Begin XCBuildConfiguration section */
		074B9B6825262863001F60CA /* Debug */ = {
			isa = XCBuildConfiguration;
			buildSettings = {
				ALWAYS_SEARCH_USER_PATHS = NO;
				CLANG_ANALYZER_NONNULL = YES;
				CLANG_ANALYZER_NUMBER_OBJECT_CONVERSION = YES_AGGRESSIVE;
				CLANG_CXX_LANGUAGE_STANDARD = "gnu++14";
				CLANG_CXX_LIBRARY = "libc++";
				CLANG_ENABLE_MODULES = YES;
				CLANG_ENABLE_OBJC_ARC = YES;
				CLANG_ENABLE_OBJC_WEAK = YES;
				CLANG_WARN_BLOCK_CAPTURE_AUTORELEASING = YES;
				CLANG_WARN_BOOL_CONVERSION = YES;
				CLANG_WARN_COMMA = YES;
				CLANG_WARN_CONSTANT_CONVERSION = YES;
				CLANG_WARN_DEPRECATED_OBJC_IMPLEMENTATIONS = YES;
				CLANG_WARN_DIRECT_OBJC_ISA_USAGE = YES_ERROR;
				CLANG_WARN_DOCUMENTATION_COMMENTS = YES;
				CLANG_WARN_EMPTY_BODY = YES;
				CLANG_WARN_ENUM_CONVERSION = YES;
				CLANG_WARN_INFINITE_RECURSION = YES;
				CLANG_WARN_INT_CONVERSION = YES;
				CLANG_WARN_NON_LITERAL_NULL_CONVERSION = YES;
				CLANG_WARN_OBJC_IMPLICIT_RETAIN_SELF = YES;
				CLANG_WARN_OBJC_LITERAL_CONVERSION = YES;
				CLANG_WARN_OBJC_ROOT_CLASS = YES_ERROR;
				CLANG_WARN_QUOTED_INCLUDE_IN_FRAMEWORK_HEADER = YES;
				CLANG_WARN_RANGE_LOOP_ANALYSIS = YES;
				CLANG_WARN_STRICT_PROTOTYPES = YES;
				CLANG_WARN_SUSPICIOUS_MOVE = YES;
				CLANG_WARN_UNGUARDED_AVAILABILITY = YES_AGGRESSIVE;
				CLANG_WARN_UNREACHABLE_CODE = YES;
				CLANG_WARN__DUPLICATE_METHOD_MATCH = YES;
				COPY_PHASE_STRIP = NO;
				DEBUG_INFORMATION_FORMAT = dwarf;
				ENABLE_STRICT_OBJC_MSGSEND = YES;
				ENABLE_TESTABILITY = YES;
				GCC_C_LANGUAGE_STANDARD = gnu11;
				GCC_DYNAMIC_NO_PIC = NO;
				GCC_NO_COMMON_BLOCKS = YES;
				GCC_OPTIMIZATION_LEVEL = 0;
				GCC_PREPROCESSOR_DEFINITIONS = (
					"DEBUG=1",
					"$(inherited)",
				);
				GCC_WARN_64_TO_32_BIT_CONVERSION = YES;
				GCC_WARN_ABOUT_RETURN_TYPE = YES_ERROR;
				GCC_WARN_UNDECLARED_SELECTOR = YES;
				GCC_WARN_UNINITIALIZED_AUTOS = YES_AGGRESSIVE;
				GCC_WARN_UNUSED_FUNCTION = YES;
				GCC_WARN_UNUSED_VARIABLE = YES;
				IPHONEOS_DEPLOYMENT_TARGET = 14.0;
				MTL_ENABLE_DEBUG_INFO = INCLUDE_SOURCE;
				MTL_FAST_MATH = YES;
				ONLY_ACTIVE_ARCH = YES;
				SDKROOT = iphoneos;
				SWIFT_ACTIVE_COMPILATION_CONDITIONS = DEBUG;
				SWIFT_OPTIMIZATION_LEVEL = "-Onone";
			};
			name = Debug;
		};
		074B9B6925262863001F60CA /* Release */ = {
			isa = XCBuildConfiguration;
			buildSettings = {
				ALWAYS_SEARCH_USER_PATHS = NO;
				CLANG_ANALYZER_NONNULL = YES;
				CLANG_ANALYZER_NUMBER_OBJECT_CONVERSION = YES_AGGRESSIVE;
				CLANG_CXX_LANGUAGE_STANDARD = "gnu++14";
				CLANG_CXX_LIBRARY = "libc++";
				CLANG_ENABLE_MODULES = YES;
				CLANG_ENABLE_OBJC_ARC = YES;
				CLANG_ENABLE_OBJC_WEAK = YES;
				CLANG_WARN_BLOCK_CAPTURE_AUTORELEASING = YES;
				CLANG_WARN_BOOL_CONVERSION = YES;
				CLANG_WARN_COMMA = YES;
				CLANG_WARN_CONSTANT_CONVERSION = YES;
				CLANG_WARN_DEPRECATED_OBJC_IMPLEMENTATIONS = YES;
				CLANG_WARN_DIRECT_OBJC_ISA_USAGE = YES_ERROR;
				CLANG_WARN_DOCUMENTATION_COMMENTS = YES;
				CLANG_WARN_EMPTY_BODY = YES;
				CLANG_WARN_ENUM_CONVERSION = YES;
				CLANG_WARN_INFINITE_RECURSION = YES;
				CLANG_WARN_INT_CONVERSION = YES;
				CLANG_WARN_NON_LITERAL_NULL_CONVERSION = YES;
				CLANG_WARN_OBJC_IMPLICIT_RETAIN_SELF = YES;
				CLANG_WARN_OBJC_LITERAL_CONVERSION = YES;
				CLANG_WARN_OBJC_ROOT_CLASS = YES_ERROR;
				CLANG_WARN_QUOTED_INCLUDE_IN_FRAMEWORK_HEADER = YES;
				CLANG_WARN_RANGE_LOOP_ANALYSIS = YES;
				CLANG_WARN_STRICT_PROTOTYPES = YES;
				CLANG_WARN_SUSPICIOUS_MOVE = YES;
				CLANG_WARN_UNGUARDED_AVAILABILITY = YES_AGGRESSIVE;
				CLANG_WARN_UNREACHABLE_CODE = YES;
				CLANG_WARN__DUPLICATE_METHOD_MATCH = YES;
				COPY_PHASE_STRIP = NO;
				DEBUG_INFORMATION_FORMAT = "dwarf-with-dsym";
				ENABLE_NS_ASSERTIONS = NO;
				ENABLE_STRICT_OBJC_MSGSEND = YES;
				GCC_C_LANGUAGE_STANDARD = gnu11;
				GCC_NO_COMMON_BLOCKS = YES;
				GCC_WARN_64_TO_32_BIT_CONVERSION = YES;
				GCC_WARN_ABOUT_RETURN_TYPE = YES_ERROR;
				GCC_WARN_UNDECLARED_SELECTOR = YES;
				GCC_WARN_UNINITIALIZED_AUTOS = YES_AGGRESSIVE;
				GCC_WARN_UNUSED_FUNCTION = YES;
				GCC_WARN_UNUSED_VARIABLE = YES;
				IPHONEOS_DEPLOYMENT_TARGET = 14.0;
				MTL_ENABLE_DEBUG_INFO = NO;
				MTL_FAST_MATH = YES;
				SDKROOT = iphoneos;
				SWIFT_COMPILATION_MODE = wholemodule;
				SWIFT_OPTIMIZATION_LEVEL = "-O";
				VALIDATE_PRODUCT = YES;
			};
			name = Release;
		};
		074B9B6B25262863001F60CA /* Debug */ = {
			isa = XCBuildConfiguration;
			buildSettings = {
				ASSETCATALOG_COMPILER_APPICON_NAME = AppIcon;
				ASSETCATALOG_COMPILER_GLOBAL_ACCENT_COLOR_NAME = AccentColor;
				CODE_SIGN_STYLE = Automatic;
				DEVELOPMENT_ASSET_PATHS = "\"Bookworm/Preview Content\"";
				DEVELOPMENT_TEAM = 35P9S7STBV;
				ENABLE_PREVIEWS = YES;
				INFOPLIST_FILE = Bookworm/Info.plist;
				IPHONEOS_DEPLOYMENT_TARGET = 14.0;
				LD_RUNPATH_SEARCH_PATHS = (
					"$(inherited)",
					"@executable_path/Frameworks",
				);
				PRODUCT_BUNDLE_IDENTIFIER = com.drawRect.Bookworm;
				PRODUCT_NAME = "$(TARGET_NAME)";
				SWIFT_VERSION = 5.0;
				TARGETED_DEVICE_FAMILY = "1,2";
			};
			name = Debug;
		};
		074B9B6C25262863001F60CA /* Release */ = {
			isa = XCBuildConfiguration;
			buildSettings = {
				ASSETCATALOG_COMPILER_APPICON_NAME = AppIcon;
				ASSETCATALOG_COMPILER_GLOBAL_ACCENT_COLOR_NAME = AccentColor;
				CODE_SIGN_STYLE = Automatic;
				DEVELOPMENT_ASSET_PATHS = "\"Bookworm/Preview Content\"";
				DEVELOPMENT_TEAM = 35P9S7STBV;
				ENABLE_PREVIEWS = YES;
				INFOPLIST_FILE = Bookworm/Info.plist;
				IPHONEOS_DEPLOYMENT_TARGET = 14.0;
				LD_RUNPATH_SEARCH_PATHS = (
					"$(inherited)",
					"@executable_path/Frameworks",
				);
				PRODUCT_BUNDLE_IDENTIFIER = com.drawRect.Bookworm;
				PRODUCT_NAME = "$(TARGET_NAME)";
				SWIFT_VERSION = 5.0;
				TARGETED_DEVICE_FAMILY = "1,2";
			};
			name = Release;
		};
/* End XCBuildConfiguration section */

/* Begin XCConfigurationList section */
		074B9B512526285F001F60CA /* Build configuration list for PBXProject "Bookworm" */ = {
			isa = XCConfigurationList;
			buildConfigurations = (
				074B9B6825262863001F60CA /* Debug */,
				074B9B6925262863001F60CA /* Release */,
			);
			defaultConfigurationIsVisible = 0;
			defaultConfigurationName = Release;
		};
		074B9B6A25262863001F60CA /* Build configuration list for PBXNativeTarget "Bookworm" */ = {
			isa = XCConfigurationList;
			buildConfigurations = (
				074B9B6B25262863001F60CA /* Debug */,
				074B9B6C25262863001F60CA /* Release */,
			);
			defaultConfigurationIsVisible = 0;
			defaultConfigurationName = Release;
		};
/* End XCConfigurationList section */

/* Begin XCVersionGroup section */
		074B9B6425262863001F60CA /* Bookworm.xcdatamodeld */ = {
			isa = XCVersionGroup;
			children = (
				074B9B6525262863001F60CA /* Bookworm.xcdatamodel */,
			);
			currentVersion = 074B9B6525262863001F60CA /* Bookworm.xcdatamodel */;
			path = Bookworm.xcdatamodeld;
			sourceTree = "<group>";
			versionGroupType = wrapper.xcdatamodel;
		};
/* End XCVersionGroup section */
	};
	rootObject = 074B9B4E2526285F001F60CA /* Project object */;
}
