// !$*UTF8*$!
{
	archiveVersion = 1;
	classes = {
	};
	objectVersion = 50;
	objects = {

/* Begin PBXBuildFile section */
		079C37BE24FEB59800491F74 /* AppDelegate.swift in Sources */ = {isa = PBXBuildFile; fileRef = 079C37BD24FEB59800491F74 /* AppDelegate.swift */; };
		079C37C024FEB59800491F74 /* SceneDelegate.swift in Sources */ = {isa = PBXBuildFile; fileRef = 079C37BF24FEB59800491F74 /* SceneDelegate.swift */; };
		079C37C224FEB59800491F74 /* ContentView.swift in Sources */ = {isa = PBXBuildFile; fileRef = 079C37C124FEB59800491F74 /* ContentView.swift */; };
		079C37C424FEB59B00491F74 /* Assets.xcassets in Resources */ = {isa = PBXBuildFile; fileRef = 079C37C324FEB59B00491F74 /* Assets.xcassets */; };
		079C37C724FEB59B00491F74 /* Preview Assets.xcassets in Resources */ = {isa = PBXBuildFile; fileRef = 079C37C624FEB59B00491F74 /* Preview Assets.xcassets */; };
		079C37CA24FEB59B00491F74 /* LaunchScreen.storyboard in Resources */ = {isa = PBXBuildFile; fileRef = 079C37C824FEB59B00491F74 /* LaunchScreen.storyboard */; };
		079C37D224FEB5C900491F74 /* start.txt in Resources */ = {isa = PBXBuildFile; fileRef = 079C37D124FEB5C900491F74 /* start.txt */; };
/* End PBXBuildFile section */

/* Begin PBXFileReference section */
		079C37BA24FEB59800491F74 /* Day-31-Challenge.app */ = {isa = PBXFileReference; explicitFileType = wrapper.application; includeInIndex = 0; path = "Day-31-Challenge.app"; sourceTree = BUILT_PRODUCTS_DIR; };
		079C37BD24FEB59800491F74 /* AppDelegate.swift */ = {isa = PBXFileReference; lastKnownFileType = sourcecode.swift; path = AppDelegate.swift; sourceTree = "<group>"; };
		079C37BF24FEB59800491F74 /* SceneDelegate.swift */ = {isa = PBXFileReference; lastKnownFileType = sourcecode.swift; path = SceneDelegate.swift; sourceTree = "<group>"; };
		079C37C124FEB59800491F74 /* ContentView.swift */ = {isa = PBXFileReference; lastKnownFileType = sourcecode.swift; path = ContentView.swift; sourceTree = "<group>"; };
		079C37C324FEB59B00491F74 /* Assets.xcassets */ = {isa = PBXFileReference; lastKnownFileType = folder.assetcatalog; path = Assets.xcassets; sourceTree = "<group>"; };
		079C37C624FEB59B00491F74 /* Preview Assets.xcassets */ = {isa = PBXFileReference; lastKnownFileType = folder.assetcatalog; path = "Preview Assets.xcassets"; sourceTree = "<group>"; };
		079C37C924FEB59B00491F74 /* Base */ = {isa = PBXFileReference; lastKnownFileType = file.storyboard; name = Base; path = Base.lproj/LaunchScreen.storyboard; sourceTree = "<group>"; };
		079C37CB24FEB59B00491F74 /* Info.plist */ = {isa = PBXFileReference; lastKnownFileType = text.plist.xml; path = Info.plist; sourceTree = "<group>"; };
		079C37D124FEB5C900491F74 /* start.txt */ = {isa = PBXFileReference; fileEncoding = 4; lastKnownFileType = text; path = start.txt; sourceTree = "<group>"; };
/* End PBXFileReference section */

/* Begin PBXFrameworksBuildPhase section */
		079C37B724FEB59800491F74 /* Frameworks */ = {
			isa = PBXFrameworksBuildPhase;
			buildActionMask = 2147483647;
			files = (
			);
			runOnlyForDeploymentPostprocessing = 0;
		};
/* End PBXFrameworksBuildPhase section */

/* Begin PBXGroup section */
		079C37B124FEB59800491F74 = {
			isa = PBXGroup;
			children = (
				079C37BC24FEB59800491F74 /* Day-31-Challenge */,
				079C37BB24FEB59800491F74 /* Products */,
			);
			sourceTree = "<group>";
		};
		079C37BB24FEB59800491F74 /* Products */ = {
			isa = PBXGroup;
			children = (
				079C37BA24FEB59800491F74 /* Day-31-Challenge.app */,
			);
			name = Products;
			sourceTree = "<group>";
		};
		079C37BC24FEB59800491F74 /* Day-31-Challenge */ = {
			isa = PBXGroup;
			children = (
				079C37BD24FEB59800491F74 /* AppDelegate.swift */,
				079C37BF24FEB59800491F74 /* SceneDelegate.swift */,
				079C37C124FEB59800491F74 /* ContentView.swift */,
				079C37C324FEB59B00491F74 /* Assets.xcassets */,
				079C37C824FEB59B00491F74 /* LaunchScreen.storyboard */,
				079C37CB24FEB59B00491F74 /* Info.plist */,
				079C37D124FEB5C900491F74 /* start.txt */,
				079C37C524FEB59B00491F74 /* Preview Content */,
			);
			path = "Day-31-Challenge";
			sourceTree = "<group>";
		};
		079C37C524FEB59B00491F74 /* Preview Content */ = {
			isa = PBXGroup;
			children = (
				079C37C624FEB59B00491F74 /* Preview Assets.xcassets */,
			);
			path = "Preview Content";
			sourceTree = "<group>";
		};
/* End PBXGroup section */

/* Begin PBXNativeTarget section */
		079C37B924FEB59800491F74 /* Day-31-Challenge */ = {
			isa = PBXNativeTarget;
			buildConfigurationList = 079C37CE24FEB59B00491F74 /* Build configuration list for PBXNativeTarget "Day-31-Challenge" */;
			buildPhases = (
				079C37B624FEB59800491F74 /* Sources */,
				079C37B724FEB59800491F74 /* Frameworks */,
				079C37B824FEB59800491F74 /* Resources */,
			);
			buildRules = (
			);
			dependencies = (
			);
			name = "Day-31-Challenge";
			productName = "Day-31-Challenge";
			productReference = 079C37BA24FEB59800491F74 /* Day-31-Challenge.app */;
			productType = "com.apple.product-type.application";
		};
/* End PBXNativeTarget section */

/* Begin PBXProject section */
		079C37B224FEB59800491F74 /* Project object */ = {
			isa = PBXProject;
			attributes = {
				LastSwiftUpdateCheck = 1160;
				LastUpgradeCheck = 1160;
				ORGANIZATIONNAME = Ranjit;
				TargetAttributes = {
					079C37B924FEB59800491F74 = {
						CreatedOnToolsVersion = 11.6;
					};
				};
			};
			buildConfigurationList = 079C37B524FEB59800491F74 /* Build configuration list for PBXProject "Day-31-Challenge" */;
			compatibilityVersion = "Xcode 9.3";
			developmentRegion = en;
			hasScannedForEncodings = 0;
			knownRegions = (
				en,
				Base,
			);
			mainGroup = 079C37B124FEB59800491F74;
			productRefGroup = 079C37BB24FEB59800491F74 /* Products */;
			projectDirPath = "";
			projectRoot = "";
			targets = (
				079C37B924FEB59800491F74 /* Day-31-Challenge */,
			);
		};
/* End PBXProject section */

/* Begin PBXResourcesBuildPhase section */
		079C37B824FEB59800491F74 /* Resources */ = {
			isa = PBXResourcesBuildPhase;
			buildActionMask = 2147483647;
			files = (
				079C37CA24FEB59B00491F74 /* LaunchScreen.storyboard in Resources */,
				079C37D224FEB5C900491F74 /* start.txt in Resources */,
				079C37C724FEB59B00491F74 /* Preview Assets.xcassets in Resources */,
				079C37C424FEB59B00491F74 /* Assets.xcassets in Resources */,
			);
			runOnlyForDeploymentPostprocessing = 0;
		};
/* End PBXResourcesBuildPhase section */

/* Begin PBXSourcesBuildPhase section */
		079C37B624FEB59800491F74 /* Sources */ = {
			isa = PBXSourcesBuildPhase;
			buildActionMask = 2147483647;
			files = (
				079C37BE24FEB59800491F74 /* AppDelegate.swift in Sources */,
				079C37C024FEB59800491F74 /* SceneDelegate.swift in Sources */,
				079C37C224FEB59800491F74 /* ContentView.swift in Sources */,
			);
			runOnlyForDeploymentPostprocessing = 0;
		};
/* End PBXSourcesBuildPhase section */

/* Begin PBXVariantGroup section */
		079C37C824FEB59B00491F74 /* LaunchScreen.storyboard */ = {
			isa = PBXVariantGroup;
			children = (
				079C37C924FEB59B00491F74 /* Base */,
			);
			name = LaunchScreen.storyboard;
			sourceTree = "<group>";
		};
/* End PBXVariantGroup section */

/* Begin XCBuildConfiguration section */
		079C37CC24FEB59B00491F74 /* Debug */ = {
			isa = XCBuildConfiguration;
			buildSettings = {
				ALWAYS_SEARCH_USER_PATHS = NO;
				CLANG_ANALYZER_NONNULL = YES;
				CLANG_ANALYZER_NUMBER_OBJECT_CONVERSION = YES_AGGRESSIVE;
				CLANG_CXX_LANGUAGE_STANDARD = "gnu++14";
				CLANG_CXX_LIBRARY = "libc++";
				CLANG_ENABLE_MODULES = YES;
				CLANG_ENABLE_OBJC_ARC = YES;
				CLANG_ENABLE_OBJC_WEAK = YES;
				CLANG_WARN_BLOCK_CAPTURE_AUTORELEASING = YES;
				CLANG_WARN_BOOL_CONVERSION = YES;
				CLANG_WARN_COMMA = YES;
				CLANG_WARN_CONSTANT_CONVERSION = YES;
				CLANG_WARN_DEPRECATED_OBJC_IMPLEMENTATIONS = YES;
				CLANG_WARN_DIRECT_OBJC_ISA_USAGE = YES_ERROR;
				CLANG_WARN_DOCUMENTATION_COMMENTS = YES;
				CLANG_WARN_EMPTY_BODY = YES;
				CLANG_WARN_ENUM_CONVERSION = YES;
				CLANG_WARN_INFINITE_RECURSION = YES;
				CLANG_WARN_INT_CONVERSION = YES;
				CLANG_WARN_NON_LITERAL_NULL_CONVERSION = YES;
				CLANG_WARN_OBJC_IMPLICIT_RETAIN_SELF = YES;
				CLANG_WARN_OBJC_LITERAL_CONVERSION = YES;
				CLANG_WARN_OBJC_ROOT_CLASS = YES_ERROR;
				CLANG_WARN_RANGE_LOOP_ANALYSIS = YES;
				CLANG_WARN_STRICT_PROTOTYPES = YES;
				CLANG_WARN_SUSPICIOUS_MOVE = YES;
				CLANG_WARN_UNGUARDED_AVAILABILITY = YES_AGGRESSIVE;
				CLANG_WARN_UNREACHABLE_CODE = YES;
				CLANG_WARN__DUPLICATE_METHOD_MATCH = YES;
				COPY_PHASE_STRIP = NO;
				DEBUG_INFORMATION_FORMAT = dwarf;
				ENABLE_STRICT_OBJC_MSGSEND = YES;
				ENABLE_TESTABILITY = YES;
				GCC_C_LANGUAGE_STANDARD = gnu11;
				GCC_DYNAMIC_NO_PIC = NO;
				GCC_NO_COMMON_BLOCKS = YES;
				GCC_OPTIMIZATION_LEVEL = 0;
				GCC_PREPROCESSOR_DEFINITIONS = (
					"DEBUG=1",
					"$(inherited)",
				);
				GCC_WARN_64_TO_32_BIT_CONVERSION = YES;
				GCC_WARN_ABOUT_RETURN_TYPE = YES_ERROR;
				GCC_WARN_UNDECLARED_SELECTOR = YES;
				GCC_WARN_UNINITIALIZED_AUTOS = YES_AGGRESSIVE;
				GCC_WARN_UNUSED_FUNCTION = YES;
				GCC_WARN_UNUSED_VARIABLE = YES;
				IPHONEOS_DEPLOYMENT_TARGET = 13.6;
				MTL_ENABLE_DEBUG_INFO = INCLUDE_SOURCE;
				MTL_FAST_MATH = YES;
				ONLY_ACTIVE_ARCH = YES;
				SDKROOT = iphoneos;
				SWIFT_ACTIVE_COMPILATION_CONDITIONS = DEBUG;
				SWIFT_OPTIMIZATION_LEVEL = "-Onone";
			};
			name = Debug;
		};
		079C37CD24FEB59B00491F74 /* Release */ = {
			isa = XCBuildConfiguration;
			buildSettings = {
				ALWAYS_SEARCH_USER_PATHS = NO;
				CLANG_ANALYZER_NONNULL = YES;
				CLANG_ANALYZER_NUMBER_OBJECT_CONVERSION = YES_AGGRESSIVE;
				CLANG_CXX_LANGUAGE_STANDARD = "gnu++14";
				CLANG_CXX_LIBRARY = "libc++";
				CLANG_ENABLE_MODULES = YES;
				CLANG_ENABLE_OBJC_ARC = YES;
				CLANG_ENABLE_OBJC_WEAK = YES;
				CLANG_WARN_BLOCK_CAPTURE_AUTORELEASING = YES;
				CLANG_WARN_BOOL_CONVERSION = YES;
				CLANG_WARN_COMMA = YES;
				CLANG_WARN_CONSTANT_CONVERSION = YES;
				CLANG_WARN_DEPRECATED_OBJC_IMPLEMENTATIONS = YES;
				CLANG_WARN_DIRECT_OBJC_ISA_USAGE = YES_ERROR;
				CLANG_WARN_DOCUMENTATION_COMMENTS = YES;
				CLANG_WARN_EMPTY_BODY = YES;
				CLANG_WARN_ENUM_CONVERSION = YES;
				CLANG_WARN_INFINITE_RECURSION = YES;
				CLANG_WARN_INT_CONVERSION = YES;
				CLANG_WARN_NON_LITERAL_NULL_CONVERSION = YES;
				CLANG_WARN_OBJC_IMPLICIT_RETAIN_SELF = YES;
				CLANG_WARN_OBJC_LITERAL_CONVERSION = YES;
				CLANG_WARN_OBJC_ROOT_CLASS = YES_ERROR;
				CLANG_WARN_RANGE_LOOP_ANALYSIS = YES;
				CLANG_WARN_STRICT_PROTOTYPES = YES;
				CLANG_WARN_SUSPICIOUS_MOVE = YES;
				CLANG_WARN_UNGUARDED_AVAILABILITY = YES_AGGRESSIVE;
				CLANG_WARN_UNREACHABLE_CODE = YES;
				CLANG_WARN__DUPLICATE_METHOD_MATCH = YES;
				COPY_PHASE_STRIP = NO;
				DEBUG_INFORMATION_FORMAT = "dwarf-with-dsym";
				ENABLE_NS_ASSERTIONS = NO;
				ENABLE_STRICT_OBJC_MSGSEND = YES;
				GCC_C_LANGUAGE_STANDARD = gnu11;
				GCC_NO_COMMON_BLOCKS = YES;
				GCC_WARN_64_TO_32_BIT_CONVERSION = YES;
				GCC_WARN_ABOUT_RETURN_TYPE = YES_ERROR;
				GCC_WARN_UNDECLARED_SELECTOR = YES;
				GCC_WARN_UNINITIALIZED_AUTOS = YES_AGGRESSIVE;
				GCC_WARN_UNUSED_FUNCTION = YES;
				GCC_WARN_UNUSED_VARIABLE = YES;
				IPHONEOS_DEPLOYMENT_TARGET = 13.6;
				MTL_ENABLE_DEBUG_INFO = NO;
				MTL_FAST_MATH = YES;
				SDKROOT = iphoneos;
				SWIFT_COMPILATION_MODE = wholemodule;
				SWIFT_OPTIMIZATION_LEVEL = "-O";
				VALIDATE_PRODUCT = YES;
			};
			name = Release;
		};
		079C37CF24FEB59B00491F74 /* Debug */ = {
			isa = XCBuildConfiguration;
			buildSettings = {
				ASSETCATALOG_COMPILER_APPICON_NAME = AppIcon;
				CODE_SIGN_STYLE = Automatic;
				DEVELOPMENT_ASSET_PATHS = "\"Day-31-Challenge/Preview Content\"";
				ENABLE_PREVIEWS = YES;
				INFOPLIST_FILE = "Day-31-Challenge/Info.plist";
				LD_RUNPATH_SEARCH_PATHS = (
					"$(inherited)",
					"@executable_path/Frameworks",
				);
				PRODUCT_BUNDLE_IDENTIFIER = "com.drawRect.Day-31-Challenge";
				PRODUCT_NAME = "$(TARGET_NAME)";
				SWIFT_VERSION = 5.0;
				TARGETED_DEVICE_FAMILY = "1,2";
			};
			name = Debug;
		};
		079C37D024FEB59B00491F74 /* Release */ = {
			isa = XCBuildConfiguration;
			buildSettings = {
				ASSETCATALOG_COMPILER_APPICON_NAME = AppIcon;
				CODE_SIGN_STYLE = Automatic;
				DEVELOPMENT_ASSET_PATHS = "\"Day-31-Challenge/Preview Content\"";
				ENABLE_PREVIEWS = YES;
				INFOPLIST_FILE = "Day-31-Challenge/Info.plist";
				LD_RUNPATH_SEARCH_PATHS = (
					"$(inherited)",
					"@executable_path/Frameworks",
				);
				PRODUCT_BUNDLE_IDENTIFIER = "com.drawRect.Day-31-Challenge";
				PRODUCT_NAME = "$(TARGET_NAME)";
				SWIFT_VERSION = 5.0;
				TARGETED_DEVICE_FAMILY = "1,2";
			};
			name = Release;
		};
/* End XCBuildConfiguration section */

/* Begin XCConfigurationList section */
		079C37B524FEB59800491F74 /* Build configuration list for PBXProject "Day-31-Challenge" */ = {
			isa = XCConfigurationList;
			buildConfigurations = (
				079C37CC24FEB59B00491F74 /* Debug */,
				079C37CD24FEB59B00491F74 /* Release */,
			);
			defaultConfigurationIsVisible = 0;
			defaultConfigurationName = Release;
		};
		079C37CE24FEB59B00491F74 /* Build configuration list for PBXNativeTarget "Day-31-Challenge" */ = {
			isa = XCConfigurationList;
			buildConfigurations = (
				079C37CF24FEB59B00491F74 /* Debug */,
				079C37D024FEB59B00491F74 /* Release */,
			);
			defaultConfigurationIsVisible = 0;
			defaultConfigurationName = Release;
		};
/* End XCConfigurationList section */
	};
	rootObject = 079C37B224FEB59800491F74 /* Project object */;
}
