// !$*UTF8*$!
{
	archiveVersion = 1;
	classes = {
	};
	objectVersion = 50;
	objects = {

/* Begin PBXBuildFile section */
		07604844250C76FB00FAD9EF /* AppDelegate.swift in Sources */ = {isa = PBXBuildFile; fileRef = 07604843250C76FB00FAD9EF /* AppDelegate.swift */; };
		07604846250C76FB00FAD9EF /* SceneDelegate.swift in Sources */ = {isa = PBXBuildFile; fileRef = 07604845250C76FB00FAD9EF /* SceneDelegate.swift */; };
		07604848250C76FB00FAD9EF /* ContentView.swift in Sources */ = {isa = PBXBuildFile; fileRef = 07604847250C76FB00FAD9EF /* ContentView.swift */; };
		0760484A250C76FF00FAD9EF /* Assets.xcassets in Resources */ = {isa = PBXBuildFile; fileRef = 07604849250C76FF00FAD9EF /* Assets.xcassets */; };
		0760484D250C76FF00FAD9EF /* Preview Assets.xcassets in Resources */ = {isa = PBXBuildFile; fileRef = 0760484C250C76FF00FAD9EF /* Preview Assets.xcassets */; };
		07604850250C76FF00FAD9EF /* LaunchScreen.storyboard in Resources */ = {isa = PBXBuildFile; fileRef = 0760484E250C76FF00FAD9EF /* LaunchScreen.storyboard */; };
		0760485C250C778100FAD9EF /* Bundle-Decodable.swift in Sources */ = {isa = PBXBuildFile; fileRef = 07604857250C778100FAD9EF /* Bundle-Decodable.swift */; };
		0760485D250C778100FAD9EF /* astronauts.json in Resources */ = {isa = PBXBuildFile; fileRef = 07604858250C778100FAD9EF /* astronauts.json */; };
		0760485E250C778100FAD9EF /* Mission.swift in Sources */ = {isa = PBXBuildFile; fileRef = 07604859250C778100FAD9EF /* Mission.swift */; };
		0760485F250C778100FAD9EF /* missions.json in Resources */ = {isa = PBXBuildFile; fileRef = 0760485A250C778100FAD9EF /* missions.json */; };
		07604860250C778100FAD9EF /* Astronaut.swift in Sources */ = {isa = PBXBuildFile; fileRef = 0760485B250C778100FAD9EF /* Astronaut.swift */; };
		07604862250C77D100FAD9EF /* MissionView.swift in Sources */ = {isa = PBXBuildFile; fileRef = 07604861250C77D100FAD9EF /* MissionView.swift */; };
		07604864250C934B00FAD9EF /* AstronautView.swift in Sources */ = {isa = PBXBuildFile; fileRef = 07604863250C934B00FAD9EF /* AstronautView.swift */; };
/* End PBXBuildFile section */

/* Begin PBXFileReference section */
		07604840250C76FB00FAD9EF /* Day-41.app */ = {isa = PBXFileReference; explicitFileType = wrapper.application; includeInIndex = 0; path = "Day-41.app"; sourceTree = BUILT_PRODUCTS_DIR; };
		07604843250C76FB00FAD9EF /* AppDelegate.swift */ = {isa = PBXFileReference; lastKnownFileType = sourcecode.swift; path = AppDelegate.swift; sourceTree = "<group>"; };
		07604845250C76FB00FAD9EF /* SceneDelegate.swift */ = {isa = PBXFileReference; lastKnownFileType = sourcecode.swift; path = SceneDelegate.swift; sourceTree = "<group>"; };
		07604847250C76FB00FAD9EF /* ContentView.swift */ = {isa = PBXFileReference; lastKnownFileType = sourcecode.swift; path = ContentView.swift; sourceTree = "<group>"; };
		07604849250C76FF00FAD9EF /* Assets.xcassets */ = {isa = PBXFileReference; lastKnownFileType = folder.assetcatalog; path = Assets.xcassets; sourceTree = "<group>"; };
		0760484C250C76FF00FAD9EF /* Preview Assets.xcassets */ = {isa = PBXFileReference; lastKnownFileType = folder.assetcatalog; path = "Preview Assets.xcassets"; sourceTree = "<group>"; };
		0760484F250C76FF00FAD9EF /* Base */ = {isa = PBXFileReference; lastKnownFileType = file.storyboard; name = Base; path = Base.lproj/LaunchScreen.storyboard; sourceTree = "<group>"; };
		07604851250C76FF00FAD9EF /* Info.plist */ = {isa = PBXFileReference; lastKnownFileType = text.plist.xml; path = Info.plist; sourceTree = "<group>"; };
		07604857250C778100FAD9EF /* Bundle-Decodable.swift */ = {isa = PBXFileReference; fileEncoding = 4; lastKnownFileType = sourcecode.swift; path = "Bundle-Decodable.swift"; sourceTree = "<group>"; };
		07604858250C778100FAD9EF /* astronauts.json */ = {isa = PBXFileReference; fileEncoding = 4; lastKnownFileType = text.json; path = astronauts.json; sourceTree = "<group>"; };
		07604859250C778100FAD9EF /* Mission.swift */ = {isa = PBXFileReference; fileEncoding = 4; lastKnownFileType = sourcecode.swift; path = Mission.swift; sourceTree = "<group>"; };
		0760485A250C778100FAD9EF /* missions.json */ = {isa = PBXFileReference; fileEncoding = 4; lastKnownFileType = text.json; path = missions.json; sourceTree = "<group>"; };
		0760485B250C778100FAD9EF /* Astronaut.swift */ = {isa = PBXFileReference; fileEncoding = 4; lastKnownFileType = sourcecode.swift; path = Astronaut.swift; sourceTree = "<group>"; };
		07604861250C77D100FAD9EF /* MissionView.swift */ = {isa = PBXFileReference; lastKnownFileType = sourcecode.swift; path = MissionView.swift; sourceTree = "<group>"; };
		07604863250C934B00FAD9EF /* AstronautView.swift */ = {isa = PBXFileReference; lastKnownFileType = sourcecode.swift; path = AstronautView.swift; sourceTree = "<group>"; };
/* End PBXFileReference section */

/* Begin PBXFrameworksBuildPhase section */
		0760483D250C76FB00FAD9EF /* Frameworks */ = {
			isa = PBXFrameworksBuildPhase;
			buildActionMask = 2147483647;
			files = (
			);
			runOnlyForDeploymentPostprocessing = 0;
		};
/* End PBXFrameworksBuildPhase section */

/* Begin PBXGroup section */
		07604837250C76FB00FAD9EF = {
			isa = PBXGroup;
			children = (
				07604842250C76FB00FAD9EF /* Day-41 */,
				07604841250C76FB00FAD9EF /* Products */,
			);
			sourceTree = "<group>";
		};
		07604841250C76FB00FAD9EF /* Products */ = {
			isa = PBXGroup;
			children = (
				07604840250C76FB00FAD9EF /* Day-41.app */,
			);
			name = Products;
			sourceTree = "<group>";
		};
		07604842250C76FB00FAD9EF /* Day-41 */ = {
			isa = PBXGroup;
			children = (
				07604843250C76FB00FAD9EF /* AppDelegate.swift */,
				07604845250C76FB00FAD9EF /* SceneDelegate.swift */,
				07604847250C76FB00FAD9EF /* ContentView.swift */,
				07604861250C77D100FAD9EF /* MissionView.swift */,
				07604863250C934B00FAD9EF /* AstronautView.swift */,
				0760485B250C778100FAD9EF /* Astronaut.swift */,
				07604859250C778100FAD9EF /* Mission.swift */,
				07604857250C778100FAD9EF /* Bundle-Decodable.swift */,
				07604858250C778100FAD9EF /* astronauts.json */,
				0760485A250C778100FAD9EF /* missions.json */,
				07604849250C76FF00FAD9EF /* Assets.xcassets */,
				0760484E250C76FF00FAD9EF /* LaunchScreen.storyboard */,
				07604851250C76FF00FAD9EF /* Info.plist */,
				0760484B250C76FF00FAD9EF /* Preview Content */,
			);
			path = "Day-41";
			sourceTree = "<group>";
		};
		0760484B250C76FF00FAD9EF /* Preview Content */ = {
			isa = PBXGroup;
			children = (
				0760484C250C76FF00FAD9EF /* Preview Assets.xcassets */,
			);
			path = "Preview Content";
			sourceTree = "<group>";
		};
/* End PBXGroup section */

/* Begin PBXNativeTarget section */
		0760483F250C76FB00FAD9EF /* Day-41 */ = {
			isa = PBXNativeTarget;
			buildConfigurationList = 07604854250C76FF00FAD9EF /* Build configuration list for PBXNativeTarget "Day-41" */;
			buildPhases = (
				0760483C250C76FB00FAD9EF /* Sources */,
				0760483D250C76FB00FAD9EF /* Frameworks */,
				0760483E250C76FB00FAD9EF /* Resources */,
			);
			buildRules = (
			);
			dependencies = (
			);
			name = "Day-41";
			productName = "Day-41";
			productReference = 07604840250C76FB00FAD9EF /* Day-41.app */;
			productType = "com.apple.product-type.application";
		};
/* End PBXNativeTarget section */

/* Begin PBXProject section */
		07604838250C76FB00FAD9EF /* Project object */ = {
			isa = PBXProject;
			attributes = {
				LastSwiftUpdateCheck = 1170;
				LastUpgradeCheck = 1170;
				ORGANIZATIONNAME = Ranjit;
				TargetAttributes = {
					0760483F250C76FB00FAD9EF = {
						CreatedOnToolsVersion = 11.7;
					};
				};
			};
			buildConfigurationList = 0760483B250C76FB00FAD9EF /* Build configuration list for PBXProject "Day-41" */;
			compatibilityVersion = "Xcode 9.3";
			developmentRegion = en;
			hasScannedForEncodings = 0;
			knownRegions = (
				en,
				Base,
			);
			mainGroup = 07604837250C76FB00FAD9EF;
			productRefGroup = 07604841250C76FB00FAD9EF /* Products */;
			projectDirPath = "";
			projectRoot = "";
			targets = (
				0760483F250C76FB00FAD9EF /* Day-41 */,
			);
		};
/* End PBXProject section */

/* Begin PBXResourcesBuildPhase section */
		0760483E250C76FB00FAD9EF /* Resources */ = {
			isa = PBXResourcesBuildPhase;
			buildActionMask = 2147483647;
			files = (
				07604850250C76FF00FAD9EF /* LaunchScreen.storyboard in Resources */,
				0760485F250C778100FAD9EF /* missions.json in Resources */,
				0760484D250C76FF00FAD9EF /* Preview Assets.xcassets in Resources */,
				0760484A250C76FF00FAD9EF /* Assets.xcassets in Resources */,
				0760485D250C778100FAD9EF /* astronauts.json in Resources */,
			);
			runOnlyForDeploymentPostprocessing = 0;
		};
/* End PBXResourcesBuildPhase section */

/* Begin PBXSourcesBuildPhase section */
		0760483C250C76FB00FAD9EF /* Sources */ = {
			isa = PBXSourcesBuildPhase;
			buildActionMask = 2147483647;
			files = (
				07604862250C77D100FAD9EF /* MissionView.swift in Sources */,
				07604844250C76FB00FAD9EF /* AppDelegate.swift in Sources */,
				07604864250C934B00FAD9EF /* AstronautView.swift in Sources */,
				07604846250C76FB00FAD9EF /* SceneDelegate.swift in Sources */,
				07604848250C76FB00FAD9EF /* ContentView.swift in Sources */,
				07604860250C778100FAD9EF /* Astronaut.swift in Sources */,
				0760485E250C778100FAD9EF /* Mission.swift in Sources */,
				0760485C250C778100FAD9EF /* Bundle-Decodable.swift in Sources */,
			);
			runOnlyForDeploymentPostprocessing = 0;
		};
/* End PBXSourcesBuildPhase section */

/* Begin PBXVariantGroup section */
		0760484E250C76FF00FAD9EF /* LaunchScreen.storyboard */ = {
			isa = PBXVariantGroup;
			children = (
				0760484F250C76FF00FAD9EF /* Base */,
			);
			name = LaunchScreen.storyboard;
			sourceTree = "<group>";
		};
/* End PBXVariantGroup section */

/* Begin XCBuildConfiguration section */
		07604852250C76FF00FAD9EF /* Debug */ = {
			isa = XCBuildConfiguration;
			buildSettings = {
				ALWAYS_SEARCH_USER_PATHS = NO;
				CLANG_ANALYZER_NONNULL = YES;
				CLANG_ANALYZER_NUMBER_OBJECT_CONVERSION = YES_AGGRESSIVE;
				CLANG_CXX_LANGUAGE_STANDARD = "gnu++14";
				CLANG_CXX_LIBRARY = "libc++";
				CLANG_ENABLE_MODULES = YES;
				CLANG_ENABLE_OBJC_ARC = YES;
				CLANG_ENABLE_OBJC_WEAK = YES;
				CLANG_WARN_BLOCK_CAPTURE_AUTORELEASING = YES;
				CLANG_WARN_BOOL_CONVERSION = YES;
				CLANG_WARN_COMMA = YES;
				CLANG_WARN_CONSTANT_CONVERSION = YES;
				CLANG_WARN_DEPRECATED_OBJC_IMPLEMENTATIONS = YES;
				CLANG_WARN_DIRECT_OBJC_ISA_USAGE = YES_ERROR;
				CLANG_WARN_DOCUMENTATION_COMMENTS = YES;
				CLANG_WARN_EMPTY_BODY = YES;
				CLANG_WARN_ENUM_CONVERSION = YES;
				CLANG_WARN_INFINITE_RECURSION = YES;
				CLANG_WARN_INT_CONVERSION = YES;
				CLANG_WARN_NON_LITERAL_NULL_CONVERSION = YES;
				CLANG_WARN_OBJC_IMPLICIT_RETAIN_SELF = YES;
				CLANG_WARN_OBJC_LITERAL_CONVERSION = YES;
				CLANG_WARN_OBJC_ROOT_CLASS = YES_ERROR;
				CLANG_WARN_RANGE_LOOP_ANALYSIS = YES;
				CLANG_WARN_STRICT_PROTOTYPES = YES;
				CLANG_WARN_SUSPICIOUS_MOVE = YES;
				CLANG_WARN_UNGUARDED_AVAILABILITY = YES_AGGRESSIVE;
				CLANG_WARN_UNREACHABLE_CODE = YES;
				CLANG_WARN__DUPLICATE_METHOD_MATCH = YES;
				COPY_PHASE_STRIP = NO;
				DEBUG_INFORMATION_FORMAT = dwarf;
				ENABLE_STRICT_OBJC_MSGSEND = YES;
				ENABLE_TESTABILITY = YES;
				GCC_C_LANGUAGE_STANDARD = gnu11;
				GCC_DYNAMIC_NO_PIC = NO;
				GCC_NO_COMMON_BLOCKS = YES;
				GCC_OPTIMIZATION_LEVEL = 0;
				GCC_PREPROCESSOR_DEFINITIONS = (
					"DEBUG=1",
					"$(inherited)",
				);
				GCC_WARN_64_TO_32_BIT_CONVERSION = YES;
				GCC_WARN_ABOUT_RETURN_TYPE = YES_ERROR;
				GCC_WARN_UNDECLARED_SELECTOR = YES;
				GCC_WARN_UNINITIALIZED_AUTOS = YES_AGGRESSIVE;
				GCC_WARN_UNUSED_FUNCTION = YES;
				GCC_WARN_UNUSED_VARIABLE = YES;
				IPHONEOS_DEPLOYMENT_TARGET = 13.7;
				MTL_ENABLE_DEBUG_INFO = INCLUDE_SOURCE;
				MTL_FAST_MATH = YES;
				ONLY_ACTIVE_ARCH = YES;
				SDKROOT = iphoneos;
				SWIFT_ACTIVE_COMPILATION_CONDITIONS = DEBUG;
				SWIFT_OPTIMIZATION_LEVEL = "-Onone";
			};
			name = Debug;
		};
		07604853250C76FF00FAD9EF /* Release */ = {
			isa = XCBuildConfiguration;
			buildSettings = {
				ALWAYS_SEARCH_USER_PATHS = NO;
				CLANG_ANALYZER_NONNULL = YES;
				CLANG_ANALYZER_NUMBER_OBJECT_CONVERSION = YES_AGGRESSIVE;
				CLANG_CXX_LANGUAGE_STANDARD = "gnu++14";
				CLANG_CXX_LIBRARY = "libc++";
				CLANG_ENABLE_MODULES = YES;
				CLANG_ENABLE_OBJC_ARC = YES;
				CLANG_ENABLE_OBJC_WEAK = YES;
				CLANG_WARN_BLOCK_CAPTURE_AUTORELEASING = YES;
				CLANG_WARN_BOOL_CONVERSION = YES;
				CLANG_WARN_COMMA = YES;
				CLANG_WARN_CONSTANT_CONVERSION = YES;
				CLANG_WARN_DEPRECATED_OBJC_IMPLEMENTATIONS = YES;
				CLANG_WARN_DIRECT_OBJC_ISA_USAGE = YES_ERROR;
				CLANG_WARN_DOCUMENTATION_COMMENTS = YES;
				CLANG_WARN_EMPTY_BODY = YES;
				CLANG_WARN_ENUM_CONVERSION = YES;
				CLANG_WARN_INFINITE_RECURSION = YES;
				CLANG_WARN_INT_CONVERSION = YES;
				CLANG_WARN_NON_LITERAL_NULL_CONVERSION = YES;
				CLANG_WARN_OBJC_IMPLICIT_RETAIN_SELF = YES;
				CLANG_WARN_OBJC_LITERAL_CONVERSION = YES;
				CLANG_WARN_OBJC_ROOT_CLASS = YES_ERROR;
				CLANG_WARN_RANGE_LOOP_ANALYSIS = YES;
				CLANG_WARN_STRICT_PROTOTYPES = YES;
				CLANG_WARN_SUSPICIOUS_MOVE = YES;
				CLANG_WARN_UNGUARDED_AVAILABILITY = YES_AGGRESSIVE;
				CLANG_WARN_UNREACHABLE_CODE = YES;
				CLANG_WARN__DUPLICATE_METHOD_MATCH = YES;
				COPY_PHASE_STRIP = NO;
				DEBUG_INFORMATION_FORMAT = "dwarf-with-dsym";
				ENABLE_NS_ASSERTIONS = NO;
				ENABLE_STRICT_OBJC_MSGSEND = YES;
				GCC_C_LANGUAGE_STANDARD = gnu11;
				GCC_NO_COMMON_BLOCKS = YES;
				GCC_WARN_64_TO_32_BIT_CONVERSION = YES;
				GCC_WARN_ABOUT_RETURN_TYPE = YES_ERROR;
				GCC_WARN_UNDECLARED_SELECTOR = YES;
				GCC_WARN_UNINITIALIZED_AUTOS = YES_AGGRESSIVE;
				GCC_WARN_UNUSED_FUNCTION = YES;
				GCC_WARN_UNUSED_VARIABLE = YES;
				IPHONEOS_DEPLOYMENT_TARGET = 13.7;
				MTL_ENABLE_DEBUG_INFO = NO;
				MTL_FAST_MATH = YES;
				SDKROOT = iphoneos;
				SWIFT_COMPILATION_MODE = wholemodule;
				SWIFT_OPTIMIZATION_LEVEL = "-O";
				VALIDATE_PRODUCT = YES;
			};
			name = Release;
		};
		07604855250C76FF00FAD9EF /* Debug */ = {
			isa = XCBuildConfiguration;
			buildSettings = {
				ASSETCATALOG_COMPILER_APPICON_NAME = AppIcon;
				CODE_SIGN_STYLE = Automatic;
				DEVELOPMENT_ASSET_PATHS = "\"Day-41/Preview Content\"";
				ENABLE_PREVIEWS = YES;
				INFOPLIST_FILE = "Day-41/Info.plist";
				LD_RUNPATH_SEARCH_PATHS = (
					"$(inherited)",
					"@executable_path/Frameworks",
				);
				PRODUCT_BUNDLE_IDENTIFIER = "com.drawRect.Day-41";
				PRODUCT_NAME = "$(TARGET_NAME)";
				SWIFT_VERSION = 5.0;
				TARGETED_DEVICE_FAMILY = "1,2";
			};
			name = Debug;
		};
		07604856250C76FF00FAD9EF /* Release */ = {
			isa = XCBuildConfiguration;
			buildSettings = {
				ASSETCATALOG_COMPILER_APPICON_NAME = AppIcon;
				CODE_SIGN_STYLE = Automatic;
				DEVELOPMENT_ASSET_PATHS = "\"Day-41/Preview Content\"";
				ENABLE_PREVIEWS = YES;
				INFOPLIST_FILE = "Day-41/Info.plist";
				LD_RUNPATH_SEARCH_PATHS = (
					"$(inherited)",
					"@executable_path/Frameworks",
				);
				PRODUCT_BUNDLE_IDENTIFIER = "com.drawRect.Day-41";
				PRODUCT_NAME = "$(TARGET_NAME)";
				SWIFT_VERSION = 5.0;
				TARGETED_DEVICE_FAMILY = "1,2";
			};
			name = Release;
		};
/* End XCBuildConfiguration section */

/* Begin XCConfigurationList section */
		0760483B250C76FB00FAD9EF /* Build configuration list for PBXProject "Day-41" */ = {
			isa = XCConfigurationList;
			buildConfigurations = (
				07604852250C76FF00FAD9EF /* Debug */,
				07604853250C76FF00FAD9EF /* Release */,
			);
			defaultConfigurationIsVisible = 0;
			defaultConfigurationName = Release;
		};
		07604854250C76FF00FAD9EF /* Build configuration list for PBXNativeTarget "Day-41" */ = {
			isa = XCConfigurationList;
			buildConfigurations = (
				07604855250C76FF00FAD9EF /* Debug */,
				07604856250C76FF00FAD9EF /* Release */,
			);
			defaultConfigurationIsVisible = 0;
			defaultConfigurationName = Release;
		};
/* End XCConfigurationList section */
	};
	rootObject = 07604838250C76FB00FAD9EF /* Project object */;
}
