// !$*UTF8*$!
{
	archiveVersion = 1;
	classes = {
	};
	objectVersion = 50;
	objects = {

/* Begin PBXBuildFile section */
		070FCC8F2547200800249674 /* Day_72App.swift in Sources */ = {isa = PBXBuildFile; fileRef = 070FCC8E2547200800249674 /* Day_72App.swift */; };
		070FCC912547200800249674 /* ContentView.swift in Sources */ = {isa = PBXBuildFile; fileRef = 070FCC902547200800249674 /* ContentView.swift */; };
		070FCC932547200B00249674 /* Assets.xcassets in Resources */ = {isa = PBXBuildFile; fileRef = 070FCC922547200B00249674 /* Assets.xcassets */; };
		070FCC962547200B00249674 /* Preview Assets.xcassets in Resources */ = {isa = PBXBuildFile; fileRef = 070FCC952547200B00249674 /* Preview Assets.xcassets */; };
		070FCCA32547207000249674 /* MKPointAnnotation-ObservableObject.swift in Sources */ = {isa = PBXBuildFile; fileRef = 070FCC9F2547206F00249674 /* MKPointAnnotation-ObservableObject.swift */; };
		070FCCA42547207000249674 /* Result.swift in Sources */ = {isa = PBXBuildFile; fileRef = 070FCCA02547206F00249674 /* Result.swift */; };
		070FCCA52547207000249674 /* EditView.swift in Sources */ = {isa = PBXBuildFile; fileRef = 070FCCA12547206F00249674 /* EditView.swift */; };
		070FCCA62547207000249674 /* MapView.swift in Sources */ = {isa = PBXBuildFile; fileRef = 070FCCA22547207000249674 /* MapView.swift */; };
		070FCCA9254720FB00249674 /* MKPointAnnotation-Codable.swift in Sources */ = {isa = PBXBuildFile; fileRef = 070FCCA8254720FB00249674 /* MKPointAnnotation-Codable.swift */; };
		070FCCAC2548741300249674 /* MyMapView.swift in Sources */ = {isa = PBXBuildFile; fileRef = 070FCCAB2548741300249674 /* MyMapView.swift */; };
/* End PBXBuildFile section */

/* Begin PBXFileReference section */
		070FCC8B2547200800249674 /* Day-72.app */ = {isa = PBXFileReference; explicitFileType = wrapper.application; includeInIndex = 0; path = "Day-72.app"; sourceTree = BUILT_PRODUCTS_DIR; };
		070FCC8E2547200800249674 /* Day_72App.swift */ = {isa = PBXFileReference; lastKnownFileType = sourcecode.swift; path = Day_72App.swift; sourceTree = "<group>"; };
		070FCC902547200800249674 /* ContentView.swift */ = {isa = PBXFileReference; lastKnownFileType = sourcecode.swift; path = ContentView.swift; sourceTree = "<group>"; };
		070FCC922547200B00249674 /* Assets.xcassets */ = {isa = PBXFileReference; lastKnownFileType = folder.assetcatalog; path = Assets.xcassets; sourceTree = "<group>"; };
		070FCC952547200B00249674 /* Preview Assets.xcassets */ = {isa = PBXFileReference; lastKnownFileType = folder.assetcatalog; path = "Preview Assets.xcassets"; sourceTree = "<group>"; };
		070FCC972547200B00249674 /* Info.plist */ = {isa = PBXFileReference; lastKnownFileType = text.plist.xml; path = Info.plist; sourceTree = "<group>"; };
		070FCC9F2547206F00249674 /* MKPointAnnotation-ObservableObject.swift */ = {isa = PBXFileReference; fileEncoding = 4; lastKnownFileType = sourcecode.swift; path = "MKPointAnnotation-ObservableObject.swift"; sourceTree = "<group>"; };
		070FCCA02547206F00249674 /* Result.swift */ = {isa = PBXFileReference; fileEncoding = 4; lastKnownFileType = sourcecode.swift; path = Result.swift; sourceTree = "<group>"; };
		070FCCA12547206F00249674 /* EditView.swift */ = {isa = PBXFileReference; fileEncoding = 4; lastKnownFileType = sourcecode.swift; path = EditView.swift; sourceTree = "<group>"; };
		070FCCA22547207000249674 /* MapView.swift */ = {isa = PBXFileReference; fileEncoding = 4; lastKnownFileType = sourcecode.swift; path = MapView.swift; sourceTree = "<group>"; };
		070FCCA8254720FB00249674 /* MKPointAnnotation-Codable.swift */ = {isa = PBXFileReference; lastKnownFileType = sourcecode.swift; path = "MKPointAnnotation-Codable.swift"; sourceTree = "<group>"; };
		070FCCAB2548741300249674 /* MyMapView.swift */ = {isa = PBXFileReference; lastKnownFileType = sourcecode.swift; path = MyMapView.swift; sourceTree = "<group>"; };
/* End PBXFileReference section */

/* Begin PBXFrameworksBuildPhase section */
		070FCC882547200800249674 /* Frameworks */ = {
			isa = PBXFrameworksBuildPhase;
			buildActionMask = 2147483647;
			files = (
			);
			runOnlyForDeploymentPostprocessing = 0;
		};
/* End PBXFrameworksBuildPhase section */

/* Begin PBXGroup section */
		070FCC822547200700249674 = {
			isa = PBXGroup;
			children = (
				070FCC8D2547200800249674 /* Day-72 */,
				070FCC8C2547200800249674 /* Products */,
			);
			sourceTree = "<group>";
		};
		070FCC8C2547200800249674 /* Products */ = {
			isa = PBXGroup;
			children = (
				070FCC8B2547200800249674 /* Day-72.app */,
			);
			name = Products;
			sourceTree = "<group>";
		};
		070FCC8D2547200800249674 /* Day-72 */ = {
			isa = PBXGroup;
			children = (
				070FCC8E2547200800249674 /* Day_72App.swift */,
				070FCC902547200800249674 /* ContentView.swift */,
				070FCCAB2548741300249674 /* MyMapView.swift */,
				070FCCA12547206F00249674 /* EditView.swift */,
				070FCCA22547207000249674 /* MapView.swift */,
				070FCC9F2547206F00249674 /* MKPointAnnotation-ObservableObject.swift */,
				070FCCA8254720FB00249674 /* MKPointAnnotation-Codable.swift */,
				070FCCA02547206F00249674 /* Result.swift */,
				070FCC922547200B00249674 /* Assets.xcassets */,
				070FCC972547200B00249674 /* Info.plist */,
				070FCC942547200B00249674 /* Preview Content */,
			);
			path = "Day-72";
			sourceTree = "<group>";
		};
		070FCC942547200B00249674 /* Preview Content */ = {
			isa = PBXGroup;
			children = (
				070FCC952547200B00249674 /* Preview Assets.xcassets */,
			);
			path = "Preview Content";
			sourceTree = "<group>";
		};
/* End PBXGroup section */

/* Begin PBXNativeTarget section */
		070FCC8A2547200800249674 /* Day-72 */ = {
			isa = PBXNativeTarget;
			buildConfigurationList = 070FCC9A2547200B00249674 /* Build configuration list for PBXNativeTarget "Day-72" */;
			buildPhases = (
				070FCC872547200800249674 /* Sources */,
				070FCC882547200800249674 /* Frameworks */,
				070FCC892547200800249674 /* Resources */,
			);
			buildRules = (
			);
			dependencies = (
			);
			name = "Day-72";
			productName = "Day-72";
			productReference = 070FCC8B2547200800249674 /* Day-72.app */;
			productType = "com.apple.product-type.application";
		};
/* End PBXNativeTarget section */

/* Begin PBXProject section */
		070FCC832547200700249674 /* Project object */ = {
			isa = PBXProject;
			attributes = {
				LastSwiftUpdateCheck = 1200;
				LastUpgradeCheck = 1200;
				TargetAttributes = {
					070FCC8A2547200800249674 = {
						CreatedOnToolsVersion = 12.0.1;
					};
				};
			};
			buildConfigurationList = 070FCC862547200700249674 /* Build configuration list for PBXProject "Day-72" */;
			compatibilityVersion = "Xcode 9.3";
			developmentRegion = en;
			hasScannedForEncodings = 0;
			knownRegions = (
				en,
				Base,
			);
			mainGroup = 070FCC822547200700249674;
			productRefGroup = 070FCC8C2547200800249674 /* Products */;
			projectDirPath = "";
			projectRoot = "";
			targets = (
				070FCC8A2547200800249674 /* Day-72 */,
			);
		};
/* End PBXProject section */

/* Begin PBXResourcesBuildPhase section */
		070FCC892547200800249674 /* Resources */ = {
			isa = PBXResourcesBuildPhase;
			buildActionMask = 2147483647;
			files = (
				070FCC962547200B00249674 /* Preview Assets.xcassets in Resources */,
				070FCC932547200B00249674 /* Assets.xcassets in Resources */,
			);
			runOnlyForDeploymentPostprocessing = 0;
		};
/* End PBXResourcesBuildPhase section */

/* Begin PBXSourcesBuildPhase section */
		070FCC872547200800249674 /* Sources */ = {
			isa = PBXSourcesBuildPhase;
			buildActionMask = 2147483647;
			files = (
				070FCCA9254720FB00249674 /* MKPointAnnotation-Codable.swift in Sources */,
				070FCCAC2548741300249674 /* MyMapView.swift in Sources */,
				070FCC912547200800249674 /* ContentView.swift in Sources */,
				070FCCA62547207000249674 /* MapView.swift in Sources */,
				070FCCA52547207000249674 /* EditView.swift in Sources */,
				070FCCA32547207000249674 /* MKPointAnnotation-ObservableObject.swift in Sources */,
				070FCCA42547207000249674 /* Result.swift in Sources */,
				070FCC8F2547200800249674 /* Day_72App.swift in Sources */,
			);
			runOnlyForDeploymentPostprocessing = 0;
		};
/* End PBXSourcesBuildPhase section */

/* Begin XCBuildConfiguration section */
		070FCC982547200B00249674 /* Debug */ = {
			isa = XCBuildConfiguration;
			buildSettings = {
				ALWAYS_SEARCH_USER_PATHS = NO;
				CLANG_ANALYZER_NONNULL = YES;
				CLANG_ANALYZER_NUMBER_OBJECT_CONVERSION = YES_AGGRESSIVE;
				CLANG_CXX_LANGUAGE_STANDARD = "gnu++14";
				CLANG_CXX_LIBRARY = "libc++";
				CLANG_ENABLE_MODULES = YES;
				CLANG_ENABLE_OBJC_ARC = YES;
				CLANG_ENABLE_OBJC_WEAK = YES;
				CLANG_WARN_BLOCK_CAPTURE_AUTORELEASING = YES;
				CLANG_WARN_BOOL_CONVERSION = YES;
				CLANG_WARN_COMMA = YES;
				CLANG_WARN_CONSTANT_CONVERSION = YES;
				CLANG_WARN_DEPRECATED_OBJC_IMPLEMENTATIONS = YES;
				CLANG_WARN_DIRECT_OBJC_ISA_USAGE = YES_ERROR;
				CLANG_WARN_DOCUMENTATION_COMMENTS = YES;
				CLANG_WARN_EMPTY_BODY = YES;
				CLANG_WARN_ENUM_CONVERSION = YES;
				CLANG_WARN_INFINITE_RECURSION = YES;
				CLANG_WARN_INT_CONVERSION = YES;
				CLANG_WARN_NON_LITERAL_NULL_CONVERSION = YES;
				CLANG_WARN_OBJC_IMPLICIT_RETAIN_SELF = YES;
				CLANG_WARN_OBJC_LITERAL_CONVERSION = YES;
				CLANG_WARN_OBJC_ROOT_CLASS = YES_ERROR;
				CLANG_WARN_QUOTED_INCLUDE_IN_FRAMEWORK_HEADER = YES;
				CLANG_WARN_RANGE_LOOP_ANALYSIS = YES;
				CLANG_WARN_STRICT_PROTOTYPES = YES;
				CLANG_WARN_SUSPICIOUS_MOVE = YES;
				CLANG_WARN_UNGUARDED_AVAILABILITY = YES_AGGRESSIVE;
				CLANG_WARN_UNREACHABLE_CODE = YES;
				CLANG_WARN__DUPLICATE_METHOD_MATCH = YES;
				COPY_PHASE_STRIP = NO;
				DEBUG_INFORMATION_FORMAT = dwarf;
				ENABLE_STRICT_OBJC_MSGSEND = YES;
				ENABLE_TESTABILITY = YES;
				GCC_C_LANGUAGE_STANDARD = gnu11;
				GCC_DYNAMIC_NO_PIC = NO;
				GCC_NO_COMMON_BLOCKS = YES;
				GCC_OPTIMIZATION_LEVEL = 0;
				GCC_PREPROCESSOR_DEFINITIONS = (
					"DEBUG=1",
					"$(inherited)",
				);
				GCC_WARN_64_TO_32_BIT_CONVERSION = YES;
				GCC_WARN_ABOUT_RETURN_TYPE = YES_ERROR;
				GCC_WARN_UNDECLARED_SELECTOR = YES;
				GCC_WARN_UNINITIALIZED_AUTOS = YES_AGGRESSIVE;
				GCC_WARN_UNUSED_FUNCTION = YES;
				GCC_WARN_UNUSED_VARIABLE = YES;
				IPHONEOS_DEPLOYMENT_TARGET = 14.0;
				MTL_ENABLE_DEBUG_INFO = INCLUDE_SOURCE;
				MTL_FAST_MATH = YES;
				ONLY_ACTIVE_ARCH = YES;
				SDKROOT = iphoneos;
				SWIFT_ACTIVE_COMPILATION_CONDITIONS = DEBUG;
				SWIFT_OPTIMIZATION_LEVEL = "-Onone";
			};
			name = Debug;
		};
		070FCC992547200B00249674 /* Release */ = {
			isa = XCBuildConfiguration;
			buildSettings = {
				ALWAYS_SEARCH_USER_PATHS = NO;
				CLANG_ANALYZER_NONNULL = YES;
				CLANG_ANALYZER_NUMBER_OBJECT_CONVERSION = YES_AGGRESSIVE;
				CLANG_CXX_LANGUAGE_STANDARD = "gnu++14";
				CLANG_CXX_LIBRARY = "libc++";
				CLANG_ENABLE_MODULES = YES;
				CLANG_ENABLE_OBJC_ARC = YES;
				CLANG_ENABLE_OBJC_WEAK = YES;
				CLANG_WARN_BLOCK_CAPTURE_AUTORELEASING = YES;
				CLANG_WARN_BOOL_CONVERSION = YES;
				CLANG_WARN_COMMA = YES;
				CLANG_WARN_CONSTANT_CONVERSION = YES;
				CLANG_WARN_DEPRECATED_OBJC_IMPLEMENTATIONS = YES;
				CLANG_WARN_DIRECT_OBJC_ISA_USAGE = YES_ERROR;
				CLANG_WARN_DOCUMENTATION_COMMENTS = YES;
				CLANG_WARN_EMPTY_BODY = YES;
				CLANG_WARN_ENUM_CONVERSION = YES;
				CLANG_WARN_INFINITE_RECURSION = YES;
				CLANG_WARN_INT_CONVERSION = YES;
				CLANG_WARN_NON_LITERAL_NULL_CONVERSION = YES;
				CLANG_WARN_OBJC_IMPLICIT_RETAIN_SELF = YES;
				CLANG_WARN_OBJC_LITERAL_CONVERSION = YES;
				CLANG_WARN_OBJC_ROOT_CLASS = YES_ERROR;
				CLANG_WARN_QUOTED_INCLUDE_IN_FRAMEWORK_HEADER = YES;
				CLANG_WARN_RANGE_LOOP_ANALYSIS = YES;
				CLANG_WARN_STRICT_PROTOTYPES = YES;
				CLANG_WARN_SUSPICIOUS_MOVE = YES;
				CLANG_WARN_UNGUARDED_AVAILABILITY = YES_AGGRESSIVE;
				CLANG_WARN_UNREACHABLE_CODE = YES;
				CLANG_WARN__DUPLICATE_METHOD_MATCH = YES;
				COPY_PHASE_STRIP = NO;
				DEBUG_INFORMATION_FORMAT = "dwarf-with-dsym";
				ENABLE_NS_ASSERTIONS = NO;
				ENABLE_STRICT_OBJC_MSGSEND = YES;
				GCC_C_LANGUAGE_STANDARD = gnu11;
				GCC_NO_COMMON_BLOCKS = YES;
				GCC_WARN_64_TO_32_BIT_CONVERSION = YES;
				GCC_WARN_ABOUT_RETURN_TYPE = YES_ERROR;
				GCC_WARN_UNDECLARED_SELECTOR = YES;
				GCC_WARN_UNINITIALIZED_AUTOS = YES_AGGRESSIVE;
				GCC_WARN_UNUSED_FUNCTION = YES;
				GCC_WARN_UNUSED_VARIABLE = YES;
				IPHONEOS_DEPLOYMENT_TARGET = 14.0;
				MTL_ENABLE_DEBUG_INFO = NO;
				MTL_FAST_MATH = YES;
				SDKROOT = iphoneos;
				SWIFT_COMPILATION_MODE = wholemodule;
				SWIFT_OPTIMIZATION_LEVEL = "-O";
				VALIDATE_PRODUCT = YES;
			};
			name = Release;
		};
		070FCC9B2547200B00249674 /* Debug */ = {
			isa = XCBuildConfiguration;
			buildSettings = {
				ASSETCATALOG_COMPILER_APPICON_NAME = AppIcon;
				ASSETCATALOG_COMPILER_GLOBAL_ACCENT_COLOR_NAME = AccentColor;
				CODE_SIGN_STYLE = Automatic;
				DEVELOPMENT_ASSET_PATHS = "\"Day-72/Preview Content\"";
				DEVELOPMENT_TEAM = 35P9S7STBV;
				ENABLE_PREVIEWS = YES;
				INFOPLIST_FILE = "Day-72/Info.plist";
				IPHONEOS_DEPLOYMENT_TARGET = 14.0;
				LD_RUNPATH_SEARCH_PATHS = (
					"$(inherited)",
					"@executable_path/Frameworks",
				);
				PRODUCT_BUNDLE_IDENTIFIER = "com.drawRect.Day-72";
				PRODUCT_NAME = "$(TARGET_NAME)";
				SWIFT_VERSION = 5.0;
				TARGETED_DEVICE_FAMILY = "1,2";
			};
			name = Debug;
		};
		070FCC9C2547200B00249674 /* Release */ = {
			isa = XCBuildConfiguration;
			buildSettings = {
				ASSETCATALOG_COMPILER_APPICON_NAME = AppIcon;
				ASSETCATALOG_COMPILER_GLOBAL_ACCENT_COLOR_NAME = AccentColor;
				CODE_SIGN_STYLE = Automatic;
				DEVELOPMENT_ASSET_PATHS = "\"Day-72/Preview Content\"";
				DEVELOPMENT_TEAM = 35P9S7STBV;
				ENABLE_PREVIEWS = YES;
				INFOPLIST_FILE = "Day-72/Info.plist";
				IPHONEOS_DEPLOYMENT_TARGET = 14.0;
				LD_RUNPATH_SEARCH_PATHS = (
					"$(inherited)",
					"@executable_path/Frameworks",
				);
				PRODUCT_BUNDLE_IDENTIFIER = "com.drawRect.Day-72";
				PRODUCT_NAME = "$(TARGET_NAME)";
				SWIFT_VERSION = 5.0;
				TARGETED_DEVICE_FAMILY = "1,2";
			};
			name = Release;
		};
/* End XCBuildConfiguration section */

/* Begin XCConfigurationList section */
		070FCC862547200700249674 /* Build configuration list for PBXProject "Day-72" */ = {
			isa = XCConfigurationList;
			buildConfigurations = (
				070FCC982547200B00249674 /* Debug */,
				070FCC992547200B00249674 /* Release */,
			);
			defaultConfigurationIsVisible = 0;
			defaultConfigurationName = Release;
		};
		070FCC9A2547200B00249674 /* Build configuration list for PBXNativeTarget "Day-72" */ = {
			isa = XCConfigurationList;
			buildConfigurations = (
				070FCC9B2547200B00249674 /* Debug */,
				070FCC9C2547200B00249674 /* Release */,
			);
			defaultConfigurationIsVisible = 0;
			defaultConfigurationName = Release;
		};
/* End XCConfigurationList section */
	};
	rootObject = 070FCC832547200700249674 /* Project object */;
}
